// !$*UTF8*$!
{
	archiveVersion = 1;
	classes = {
	};
	objectVersion = 46;
	objects = {

/* Begin PBXBuildFile section */
		031EB0591E6FED65004D6349 /* URLNavigationMap.swift in Sources */ = {isa = PBXBuildFile; fileRef = 031EB0581E6FED65004D6349 /* URLNavigationMap.swift */; };
		031EB05B1E6FEFE7004D6349 /* AuthService.swift in Sources */ = {isa = PBXBuildFile; fileRef = 031EB05A1E6FEFE7004D6349 /* AuthService.swift */; };
		031EB0631E6FF7A9004D6349 /* AccessToken.swift in Sources */ = {isa = PBXBuildFile; fileRef = 031EB0621E6FF7A9004D6349 /* AccessToken.swift */; };
		031EB0671E6FFDE3004D6349 /* Shot.swift in Sources */ = {isa = PBXBuildFile; fileRef = 031EB0661E6FFDE3004D6349 /* Shot.swift */; };
		031EB0691E7000C1004D6349 /* User.swift in Sources */ = {isa = PBXBuildFile; fileRef = 031EB0681E7000C1004D6349 /* User.swift */; };
		031EB06B1E7001FF004D6349 /* DribbbleAPI.swift in Sources */ = {isa = PBXBuildFile; fileRef = 031EB06A1E7001FF004D6349 /* DribbbleAPI.swift */; };
		031EB0721E7005B4004D6349 /* Logger.swift in Sources */ = {isa = PBXBuildFile; fileRef = 031EB0711E7005B4004D6349 /* Logger.swift */; };
		031EB0741E7006BD004D6349 /* Networking.swift in Sources */ = {isa = PBXBuildFile; fileRef = 031EB0731E7006BD004D6349 /* Networking.swift */; };
		031EB0761E700814004D6349 /* UserService.swift in Sources */ = {isa = PBXBuildFile; fileRef = 031EB0751E700814004D6349 /* UserService.swift */; };
		031EB0781E700912004D6349 /* ObjectMapper+Rx.swift in Sources */ = {isa = PBXBuildFile; fileRef = 031EB0771E700912004D6349 /* ObjectMapper+Rx.swift */; };
		031EB0821E70624D004D6349 /* AuthPlugin.swift in Sources */ = {isa = PBXBuildFile; fileRef = 031EB0811E70624D004D6349 /* AuthPlugin.swift */; };
		03DF94EC1E6EA76A00E31665 /* Assets.xcassets in Resources */ = {isa = PBXBuildFile; fileRef = 03DF94E11E6EA76A00E31665 /* Assets.xcassets */; };
		03DF94ED1E6EA76A00E31665 /* LaunchScreen.storyboard in Resources */ = {isa = PBXBuildFile; fileRef = 03DF94E21E6EA76A00E31665 /* LaunchScreen.storyboard */; };
		03DF94EF1E6EA76A00E31665 /* AppDelegate.swift in Sources */ = {isa = PBXBuildFile; fileRef = 03DF94E71E6EA76A00E31665 /* AppDelegate.swift */; };
		03DF94F41E6EA7A300E31665 /* Localizable.strings in Resources */ = {isa = PBXBuildFile; fileRef = 03DF94F61E6EA7A300E31665 /* Localizable.strings */; };
		03DF95031E6EAACF00E31665 /* UIViewController+Rx.swift in Sources */ = {isa = PBXBuildFile; fileRef = 03DF95021E6EAACF00E31665 /* UIViewController+Rx.swift */; };
		03DF95061E6EAADE00E31665 /* BaseService.swift in Sources */ = {isa = PBXBuildFile; fileRef = 03DF95041E6EAADE00E31665 /* BaseService.swift */; };
		03DF95071E6EAADE00E31665 /* ServiceProvider.swift in Sources */ = {isa = PBXBuildFile; fileRef = 03DF95051E6EAADE00E31665 /* ServiceProvider.swift */; };
		03DF95091E6EAB5000E31665 /* ModelType.swift in Sources */ = {isa = PBXBuildFile; fileRef = 03DF95081E6EAB5000E31665 /* ModelType.swift */; };
		03DF950B1E6EAB7900E31665 /* BaseViewController.swift in Sources */ = {isa = PBXBuildFile; fileRef = 03DF950A1E6EAB7900E31665 /* BaseViewController.swift */; };
		03DF95111E6EAB8E00E31665 /* Snap.swift in Sources */ = {isa = PBXBuildFile; fileRef = 03DF950C1E6EAB8E00E31665 /* Snap.swift */; };
		03DF95121E6EAB8E00E31665 /* String+BoundingRect.swift in Sources */ = {isa = PBXBuildFile; fileRef = 03DF950D1E6EAB8E00E31665 /* String+BoundingRect.swift */; };
		03DF95131E6EAB8E00E31665 /* String+Localized.swift in Sources */ = {isa = PBXBuildFile; fileRef = 03DF950E1E6EAB8E00E31665 /* String+Localized.swift */; };
		03DF95141E6EAB8E00E31665 /* UICollectionView+CellWidth.swift in Sources */ = {isa = PBXBuildFile; fileRef = 03DF950F1E6EAB8E00E31665 /* UICollectionView+CellWidth.swift */; };
		03DF95151E6EAB8E00E31665 /* UICollectionView+ScrollToBottom.swift in Sources */ = {isa = PBXBuildFile; fileRef = 03DF95101E6EAB8E00E31665 /* UICollectionView+ScrollToBottom.swift */; };
		03DF95171E6EABA800E31665 /* BaseCollectionViewCell.swift in Sources */ = {isa = PBXBuildFile; fileRef = 03DF95161E6EABA800E31665 /* BaseCollectionViewCell.swift */; };
		03DF95191E6EB2D800E31665 /* LoginViewController.swift in Sources */ = {isa = PBXBuildFile; fileRef = 03DF95181E6EB2D800E31665 /* LoginViewController.swift */; };
		03DF951B1E6EB51700E31665 /* SplashViewController.swift in Sources */ = {isa = PBXBuildFile; fileRef = 03DF951A1E6EB51700E31665 /* SplashViewController.swift */; };
		03DF951D1E6EB56C00E31665 /* SplashViewModel.swift in Sources */ = {isa = PBXBuildFile; fileRef = 03DF951C1E6EB56C00E31665 /* SplashViewModel.swift */; };
		03DF951F1E6EB7E200E31665 /* LoginViewModel.swift in Sources */ = {isa = PBXBuildFile; fileRef = 03DF951E1E6EB7E200E31665 /* LoginViewModel.swift */; };
		03DF95211E6EB80700E31665 /* ShotsViewController.swift in Sources */ = {isa = PBXBuildFile; fileRef = 03DF95201E6EB80700E31665 /* ShotsViewController.swift */; };
		03DF95231E6EB80B00E31665 /* ShotsViewModel.swift in Sources */ = {isa = PBXBuildFile; fileRef = 03DF95221E6EB80B00E31665 /* ShotsViewModel.swift */; };
		6DDB34252C101AA23C62E243 /* Pods_Dribbblr.framework in Frameworks */ = {isa = PBXBuildFile; fileRef = 23868B34FAC632E09764E4A2 /* Pods_Dribbblr.framework */; };
/* End PBXBuildFile section */

/* Begin PBXFileReference section */
		031EB0581E6FED65004D6349 /* URLNavigationMap.swift */ = {isa = PBXFileReference; fileEncoding = 4; lastKnownFileType = sourcecode.swift; path = URLNavigationMap.swift; sourceTree = "<group>"; };
		031EB05A1E6FEFE7004D6349 /* AuthService.swift */ = {isa = PBXFileReference; fileEncoding = 4; lastKnownFileType = sourcecode.swift; path = AuthService.swift; sourceTree = "<group>"; };
		031EB0621E6FF7A9004D6349 /* AccessToken.swift */ = {isa = PBXFileReference; fileEncoding = 4; lastKnownFileType = sourcecode.swift; path = AccessToken.swift; sourceTree = "<group>"; };
		031EB0661E6FFDE3004D6349 /* Shot.swift */ = {isa = PBXFileReference; fileEncoding = 4; lastKnownFileType = sourcecode.swift; path = Shot.swift; sourceTree = "<group>"; };
		031EB0681E7000C1004D6349 /* User.swift */ = {isa = PBXFileReference; fileEncoding = 4; lastKnownFileType = sourcecode.swift; path = User.swift; sourceTree = "<group>"; };
		031EB06A1E7001FF004D6349 /* DribbbleAPI.swift */ = {isa = PBXFileReference; fileEncoding = 4; lastKnownFileType = sourcecode.swift; path = DribbbleAPI.swift; sourceTree = "<group>"; };
		031EB0711E7005B4004D6349 /* Logger.swift */ = {isa = PBXFileReference; fileEncoding = 4; lastKnownFileType = sourcecode.swift; path = Logger.swift; sourceTree = "<group>"; };
		031EB0731E7006BD004D6349 /* Networking.swift */ = {isa = PBXFileReference; fileEncoding = 4; lastKnownFileType = sourcecode.swift; path = Networking.swift; sourceTree = "<group>"; };
		031EB0751E700814004D6349 /* UserService.swift */ = {isa = PBXFileReference; fileEncoding = 4; lastKnownFileType = sourcecode.swift; path = UserService.swift; sourceTree = "<group>"; };
		031EB0771E700912004D6349 /* ObjectMapper+Rx.swift */ = {isa = PBXFileReference; fileEncoding = 4; lastKnownFileType = sourcecode.swift; path = "ObjectMapper+Rx.swift"; sourceTree = "<group>"; };
		031EB0811E70624D004D6349 /* AuthPlugin.swift */ = {isa = PBXFileReference; fileEncoding = 4; lastKnownFileType = sourcecode.swift; path = AuthPlugin.swift; sourceTree = "<group>"; };
		03DF94CA1E6EA54D00E31665 /* Dribbblr.app */ = {isa = PBXFileReference; explicitFileType = wrapper.application; includeInIndex = 0; path = Dribbblr.app; sourceTree = BUILT_PRODUCTS_DIR; };
		03DF94E11E6EA76A00E31665 /* Assets.xcassets */ = {isa = PBXFileReference; lastKnownFileType = folder.assetcatalog; path = Assets.xcassets; sourceTree = "<group>"; };
		03DF94E31E6EA76A00E31665 /* Base */ = {isa = PBXFileReference; lastKnownFileType = file.storyboard; name = Base; path = Base.lproj/LaunchScreen.storyboard; sourceTree = "<group>"; };
		03DF94E71E6EA76A00E31665 /* AppDelegate.swift */ = {isa = PBXFileReference; fileEncoding = 4; lastKnownFileType = sourcecode.swift; path = AppDelegate.swift; sourceTree = "<group>"; };
		03DF94EB1E6EA76A00E31665 /* Info.plist */ = {isa = PBXFileReference; fileEncoding = 4; lastKnownFileType = text.plist.xml; path = Info.plist; sourceTree = "<group>"; };
		03DF94F51E6EA7A300E31665 /* en */ = {isa = PBXFileReference; lastKnownFileType = text.plist.strings; name = en; path = en.lproj/Localizable.strings; sourceTree = "<group>"; };
		03DF94F71E6EA7AB00E31665 /* ko */ = {isa = PBXFileReference; lastKnownFileType = text.plist.strings; name = ko; path = ko.lproj/Localizable.strings; sourceTree = "<group>"; };
		03DF95021E6EAACF00E31665 /* UIViewController+Rx.swift */ = {isa = PBXFileReference; fileEncoding = 4; lastKnownFileType = sourcecode.swift; path = "UIViewController+Rx.swift"; sourceTree = "<group>"; };
		03DF95041E6EAADE00E31665 /* BaseService.swift */ = {isa = PBXFileReference; fileEncoding = 4; lastKnownFileType = sourcecode.swift; path = BaseService.swift; sourceTree = "<group>"; };
		03DF95051E6EAADE00E31665 /* ServiceProvider.swift */ = {isa = PBXFileReference; fileEncoding = 4; lastKnownFileType = sourcecode.swift; path = ServiceProvider.swift; sourceTree = "<group>"; };
		03DF95081E6EAB5000E31665 /* ModelType.swift */ = {isa = PBXFileReference; fileEncoding = 4; lastKnownFileType = sourcecode.swift; path = ModelType.swift; sourceTree = "<group>"; };
		03DF950A1E6EAB7900E31665 /* BaseViewController.swift */ = {isa = PBXFileReference; fileEncoding = 4; lastKnownFileType = sourcecode.swift; path = BaseViewController.swift; sourceTree = "<group>"; };
		03DF950C1E6EAB8E00E31665 /* Snap.swift */ = {isa = PBXFileReference; fileEncoding = 4; lastKnownFileType = sourcecode.swift; path = Snap.swift; sourceTree = "<group>"; };
		03DF950D1E6EAB8E00E31665 /* String+BoundingRect.swift */ = {isa = PBXFileReference; fileEncoding = 4; lastKnownFileType = sourcecode.swift; path = "String+BoundingRect.swift"; sourceTree = "<group>"; };
		03DF950E1E6EAB8E00E31665 /* String+Localized.swift */ = {isa = PBXFileReference; fileEncoding = 4; lastKnownFileType = sourcecode.swift; path = "String+Localized.swift"; sourceTree = "<group>"; };
		03DF950F1E6EAB8E00E31665 /* UICollectionView+CellWidth.swift */ = {isa = PBXFileReference; fileEncoding = 4; lastKnownFileType = sourcecode.swift; path = "UICollectionView+CellWidth.swift"; sourceTree = "<group>"; };
		03DF95101E6EAB8E00E31665 /* UICollectionView+ScrollToBottom.swift */ = {isa = PBXFileReference; fileEncoding = 4; lastKnownFileType = sourcecode.swift; path = "UICollectionView+ScrollToBottom.swift"; sourceTree = "<group>"; };
		03DF95161E6EABA800E31665 /* BaseCollectionViewCell.swift */ = {isa = PBXFileReference; fileEncoding = 4; lastKnownFileType = sourcecode.swift; path = BaseCollectionViewCell.swift; sourceTree = "<group>"; };
		03DF95181E6EB2D800E31665 /* LoginViewController.swift */ = {isa = PBXFileReference; fileEncoding = 4; lastKnownFileType = sourcecode.swift; path = LoginViewController.swift; sourceTree = "<group>"; };
		03DF951A1E6EB51700E31665 /* SplashViewController.swift */ = {isa = PBXFileReference; fileEncoding = 4; lastKnownFileType = sourcecode.swift; path = SplashViewController.swift; sourceTree = "<group>"; };
		03DF951C1E6EB56C00E31665 /* SplashViewModel.swift */ = {isa = PBXFileReference; fileEncoding = 4; lastKnownFileType = sourcecode.swift; path = SplashViewModel.swift; sourceTree = "<group>"; };
		03DF951E1E6EB7E200E31665 /* LoginViewModel.swift */ = {isa = PBXFileReference; fileEncoding = 4; lastKnownFileType = sourcecode.swift; path = LoginViewModel.swift; sourceTree = "<group>"; };
		03DF95201E6EB80700E31665 /* ShotsViewController.swift */ = {isa = PBXFileReference; fileEncoding = 4; lastKnownFileType = sourcecode.swift; path = ShotsViewController.swift; sourceTree = "<group>"; };
		03DF95221E6EB80B00E31665 /* ShotsViewModel.swift */ = {isa = PBXFileReference; fileEncoding = 4; lastKnownFileType = sourcecode.swift; path = ShotsViewModel.swift; sourceTree = "<group>"; };
		065198C07E63DA46C469D55E /* Pods-Dribbblr.release.xcconfig */ = {isa = PBXFileReference; includeInIndex = 1; lastKnownFileType = text.xcconfig; name = "Pods-Dribbblr.release.xcconfig"; path = "Pods/Target Support Files/Pods-Dribbblr/Pods-Dribbblr.release.xcconfig"; sourceTree = "<group>"; };
		23868B34FAC632E09764E4A2 /* Pods_Dribbblr.framework */ = {isa = PBXFileReference; explicitFileType = wrapper.framework; includeInIndex = 0; path = Pods_Dribbblr.framework; sourceTree = BUILT_PRODUCTS_DIR; };
		F8CA7BC3B51ABD25FDC74FF4 /* Pods-Dribbblr.debug.xcconfig */ = {isa = PBXFileReference; includeInIndex = 1; lastKnownFileType = text.xcconfig; name = "Pods-Dribbblr.debug.xcconfig"; path = "Pods/Target Support Files/Pods-Dribbblr/Pods-Dribbblr.debug.xcconfig"; sourceTree = "<group>"; };
/* End PBXFileReference section */

/* Begin PBXFrameworksBuildPhase section */
		03DF94C71E6EA54D00E31665 /* Frameworks */ = {
			isa = PBXFrameworksBuildPhase;
			buildActionMask = 2147483647;
			files = (
				6DDB34252C101AA23C62E243 /* Pods_Dribbblr.framework in Frameworks */,
			);
			runOnlyForDeploymentPostprocessing = 0;
		};
/* End PBXFrameworksBuildPhase section */

/* Begin PBXGroup section */
		031EB0701E7005B4004D6349 /* Logging */ = {
			isa = PBXGroup;
			children = (
				031EB0711E7005B4004D6349 /* Logger.swift */,
			);
			path = Logging;
			sourceTree = "<group>";
		};
		031EB0801E706248004D6349 /* Plugins */ = {
			isa = PBXGroup;
			children = (
				031EB0811E70624D004D6349 /* AuthPlugin.swift */,
			);
			path = Plugins;
			sourceTree = "<group>";
		};
		03DF94C11E6EA54D00E31665 = {
			isa = PBXGroup;
			children = (
				03DF94DF1E6EA76A00E31665 /* Dribbblr */,
				03DF94CB1E6EA54D00E31665 /* Products */,
				53955C0C767CCBF3D51F88B9 /* Pods */,
				927BA4FE51A39EF3C1A224CA /* Frameworks */,
			);
			sourceTree = "<group>";
		};
		03DF94CB1E6EA54D00E31665 /* Products */ = {
			isa = PBXGroup;
			children = (
				03DF94CA1E6EA54D00E31665 /* Dribbblr.app */,
			);
			name = Products;
			sourceTree = "<group>";
		};
		03DF94DF1E6EA76A00E31665 /* Dribbblr */ = {
			isa = PBXGroup;
			children = (
				03DF94E61E6EA76A00E31665 /* Sources */,
				03DF94E01E6EA76A00E31665 /* Resources */,
				03DF94EA1E6EA76A00E31665 /* Supporting Files */,
			);
			path = Dribbblr;
			sourceTree = "<group>";
		};
		03DF94E01E6EA76A00E31665 /* Resources */ = {
			isa = PBXGroup;
			children = (
				03DF94E11E6EA76A00E31665 /* Assets.xcassets */,
				03DF94E21E6EA76A00E31665 /* LaunchScreen.storyboard */,
				03DF94F61E6EA7A300E31665 /* Localizable.strings */,
			);
			path = Resources;
			sourceTree = "<group>";
		};
		03DF94E61E6EA76A00E31665 /* Sources */ = {
			isa = PBXGroup;
			children = (
				03DF94E71E6EA76A00E31665 /* AppDelegate.swift */,
				03DF94FC1E6EA80A00E31665 /* Services */,
				03DF94F91E6EA80A00E31665 /* Networking */,
				03DF94F81E6EA80A00E31665 /* Models */,
				03DF94FB1E6EA80A00E31665 /* Sections */,
				03DF94FA1E6EA80A00E31665 /* Rx */,
				031EB0701E7005B4004D6349 /* Logging */,
				03DF94FD1E6EA80A00E31665 /* Utils */,
				03DF94FE1E6EA80A00E31665 /* ViewControllers */,
				03DF95001E6EA80A00E31665 /* Views */,
			);
			path = Sources;
			sourceTree = "<group>";
		};
		03DF94EA1E6EA76A00E31665 /* Supporting Files */ = {
			isa = PBXGroup;
			children = (
				03DF94EB1E6EA76A00E31665 /* Info.plist */,
			);
			path = "Supporting Files";
			sourceTree = "<group>";
		};
		03DF94F81E6EA80A00E31665 /* Models */ = {
			isa = PBXGroup;
			children = (
				03DF95081E6EAB5000E31665 /* ModelType.swift */,
				031EB0621E6FF7A9004D6349 /* AccessToken.swift */,
				031EB0661E6FFDE3004D6349 /* Shot.swift */,
				031EB0681E7000C1004D6349 /* User.swift */,
			);
			path = Models;
			sourceTree = "<group>";
		};
		03DF94F91E6EA80A00E31665 /* Networking */ = {
			isa = PBXGroup;
			children = (
				031EB0731E7006BD004D6349 /* Networking.swift */,
				031EB06A1E7001FF004D6349 /* DribbbleAPI.swift */,
				031EB0801E706248004D6349 /* Plugins */,
			);
			path = Networking;
			sourceTree = "<group>";
		};
		03DF94FA1E6EA80A00E31665 /* Rx */ = {
			isa = PBXGroup;
			children = (
				03DF95021E6EAACF00E31665 /* UIViewController+Rx.swift */,
				031EB0771E700912004D6349 /* ObjectMapper+Rx.swift */,
			);
			path = Rx;
			sourceTree = "<group>";
		};
		03DF94FB1E6EA80A00E31665 /* Sections */ = {
			isa = PBXGroup;
			children = (
			);
			path = Sections;
			sourceTree = "<group>";
		};
		03DF94FC1E6EA80A00E31665 /* Services */ = {
			isa = PBXGroup;
			children = (
				03DF95041E6EAADE00E31665 /* BaseService.swift */,
				03DF95051E6EAADE00E31665 /* ServiceProvider.swift */,
				031EB05A1E6FEFE7004D6349 /* AuthService.swift */,
				031EB0751E700814004D6349 /* UserService.swift */,
			);
			path = Services;
			sourceTree = "<group>";
		};
		03DF94FD1E6EA80A00E31665 /* Utils */ = {
			isa = PBXGroup;
			children = (
				03DF950C1E6EAB8E00E31665 /* Snap.swift */,
				03DF950D1E6EAB8E00E31665 /* String+BoundingRect.swift */,
				03DF950E1E6EAB8E00E31665 /* String+Localized.swift */,
				03DF950F1E6EAB8E00E31665 /* UICollectionView+CellWidth.swift */,
				03DF95101E6EAB8E00E31665 /* UICollectionView+ScrollToBottom.swift */,
				031EB0581E6FED65004D6349 /* URLNavigationMap.swift */,
			);
			path = Utils;
			sourceTree = "<group>";
		};
		03DF94FE1E6EA80A00E31665 /* ViewControllers */ = {
			isa = PBXGroup;
			children = (
				03DF950A1E6EAB7900E31665 /* BaseViewController.swift */,
				03DF951A1E6EB51700E31665 /* SplashViewController.swift */,
				03DF951C1E6EB56C00E31665 /* SplashViewModel.swift */,
				03DF95181E6EB2D800E31665 /* LoginViewController.swift */,
				03DF951E1E6EB7E200E31665 /* LoginViewModel.swift */,
				03DF95201E6EB80700E31665 /* ShotsViewController.swift */,
				03DF95221E6EB80B00E31665 /* ShotsViewModel.swift */,
			);
			path = ViewControllers;
			sourceTree = "<group>";
		};
		03DF95001E6EA80A00E31665 /* Views */ = {
			isa = PBXGroup;
			children = (
				03DF95161E6EABA800E31665 /* BaseCollectionViewCell.swift */,
			);
			path = Views;
			sourceTree = "<group>";
		};
		53955C0C767CCBF3D51F88B9 /* Pods */ = {
			isa = PBXGroup;
			children = (
				F8CA7BC3B51ABD25FDC74FF4 /* Pods-Dribbblr.debug.xcconfig */,
				065198C07E63DA46C469D55E /* Pods-Dribbblr.release.xcconfig */,
			);
			name = Pods;
			sourceTree = "<group>";
		};
		927BA4FE51A39EF3C1A224CA /* Frameworks */ = {
			isa = PBXGroup;
			children = (
				23868B34FAC632E09764E4A2 /* Pods_Dribbblr.framework */,
			);
			name = Frameworks;
			sourceTree = "<group>";
		};
/* End PBXGroup section */

/* Begin PBXNativeTarget section */
		03DF94C91E6EA54D00E31665 /* Dribbblr */ = {
			isa = PBXNativeTarget;
			buildConfigurationList = 03DF94DC1E6EA54D00E31665 /* Build configuration list for PBXNativeTarget "Dribbblr" */;
			buildPhases = (
				D7B696ECA7B72544DA711BD4 /* [CP] Check Pods Manifest.lock */,
				03DF94C61E6EA54D00E31665 /* Sources */,
				03DF94C71E6EA54D00E31665 /* Frameworks */,
				03DF94C81E6EA54D00E31665 /* Resources */,
				22D88F27EEA1488FE0A33A70 /* [CP] Embed Pods Frameworks */,
				CAC506AC26A6FC4184CFBCC7 /* [CP] Copy Pods Resources */,
			);
			buildRules = (
			);
			dependencies = (
			);
			name = Dribbblr;
			productName = Dribbblr;
			productReference = 03DF94CA1E6EA54D00E31665 /* Dribbblr.app */;
			productType = "com.apple.product-type.application";
		};
/* End PBXNativeTarget section */

/* Begin PBXProject section */
		03DF94C21E6EA54D00E31665 /* Project object */ = {
			isa = PBXProject;
			attributes = {
				LastSwiftUpdateCheck = 0820;
				LastUpgradeCheck = 0820;
				ORGANIZATIONNAME = "Suyeol Jeon";
				TargetAttributes = {
					03DF94C91E6EA54D00E31665 = {
						CreatedOnToolsVersion = 8.2.1;
						ProvisioningStyle = Automatic;
					};
				};
			};
			buildConfigurationList = 03DF94C51E6EA54D00E31665 /* Build configuration list for PBXProject "Dribbblr" */;
			compatibilityVersion = "Xcode 3.2";
			developmentRegion = English;
			hasScannedForEncodings = 0;
			knownRegions = (
				en,
				Base,
				ko,
			);
			mainGroup = 03DF94C11E6EA54D00E31665;
			productRefGroup = 03DF94CB1E6EA54D00E31665 /* Products */;
			projectDirPath = "";
			projectRoot = "";
			targets = (
				03DF94C91E6EA54D00E31665 /* Dribbblr */,
			);
		};
/* End PBXProject section */

/* Begin PBXResourcesBuildPhase section */
		03DF94C81E6EA54D00E31665 /* Resources */ = {
			isa = PBXResourcesBuildPhase;
			buildActionMask = 2147483647;
			files = (
				03DF94F41E6EA7A300E31665 /* Localizable.strings in Resources */,
				03DF94EC1E6EA76A00E31665 /* Assets.xcassets in Resources */,
				03DF94ED1E6EA76A00E31665 /* LaunchScreen.storyboard in Resources */,
			);
			runOnlyForDeploymentPostprocessing = 0;
		};
/* End PBXResourcesBuildPhase section */

/* Begin PBXShellScriptBuildPhase section */
		22D88F27EEA1488FE0A33A70 /* [CP] Embed Pods Frameworks */ = {
			isa = PBXShellScriptBuildPhase;
			buildActionMask = 2147483647;
			files = (
			);
			inputPaths = (
			);
			name = "[CP] Embed Pods Frameworks";
			outputPaths = (
			);
			runOnlyForDeploymentPostprocessing = 0;
			shellPath = /bin/sh;
			shellScript = "\"${SRCROOT}/Pods/Target Support Files/Pods-Dribbblr/Pods-Dribbblr-frameworks.sh\"\n";
			showEnvVarsInLog = 0;
		};
		CAC506AC26A6FC4184CFBCC7 /* [CP] Copy Pods Resources */ = {
			isa = PBXShellScriptBuildPhase;
			buildActionMask = 2147483647;
			files = (
			);
			inputPaths = (
			);
			name = "[CP] Copy Pods Resources";
			outputPaths = (
			);
			runOnlyForDeploymentPostprocessing = 0;
			shellPath = /bin/sh;
			shellScript = "\"${SRCROOT}/Pods/Target Support Files/Pods-Dribbblr/Pods-Dribbblr-resources.sh\"\n";
			showEnvVarsInLog = 0;
		};
		D7B696ECA7B72544DA711BD4 /* [CP] Check Pods Manifest.lock */ = {
			isa = PBXShellScriptBuildPhase;
			buildActionMask = 2147483647;
			files = (
			);
			inputPaths = (
			);
			name = "[CP] Check Pods Manifest.lock";
			outputPaths = (
			);
			runOnlyForDeploymentPostprocessing = 0;
			shellPath = /bin/sh;
			shellScript = "diff \"${PODS_ROOT}/../Podfile.lock\" \"${PODS_ROOT}/Manifest.lock\" > /dev/null\nif [ $? != 0 ] ; then\n    # print error to STDERR\n    echo \"error: The sandbox is not in sync with the Podfile.lock. Run 'pod install' or update your CocoaPods installation.\" >&2\n    exit 1\nfi\n";
			showEnvVarsInLog = 0;
		};
/* End PBXShellScriptBuildPhase section */

/* Begin PBXSourcesBuildPhase section */
		03DF94C61E6EA54D00E31665 /* Sources */ = {
			isa = PBXSourcesBuildPhase;
			buildActionMask = 2147483647;
			files = (
				03DF951D1E6EB56C00E31665 /* SplashViewModel.swift in Sources */,
				031EB0781E700912004D6349 /* ObjectMapper+Rx.swift in Sources */,
				03DF95131E6EAB8E00E31665 /* String+Localized.swift in Sources */,
				031EB0761E700814004D6349 /* UserService.swift in Sources */,
				031EB0591E6FED65004D6349 /* URLNavigationMap.swift in Sources */,
				031EB0741E7006BD004D6349 /* Networking.swift in Sources */,
				031EB0821E70624D004D6349 /* AuthPlugin.swift in Sources */,
				03DF95061E6EAADE00E31665 /* BaseService.swift in Sources */,
				03DF95211E6EB80700E31665 /* ShotsViewController.swift in Sources */,
				03DF95141E6EAB8E00E31665 /* UICollectionView+CellWidth.swift in Sources */,
				03DF951F1E6EB7E200E31665 /* LoginViewModel.swift in Sources */,
				031EB0671E6FFDE3004D6349 /* Shot.swift in Sources */,
				031EB05B1E6FEFE7004D6349 /* AuthService.swift in Sources */,
				031EB0721E7005B4004D6349 /* Logger.swift in Sources */,
				03DF95151E6EAB8E00E31665 /* UICollectionView+ScrollToBottom.swift in Sources */,
				03DF95091E6EAB5000E31665 /* ModelType.swift in Sources */,
				03DF951B1E6EB51700E31665 /* SplashViewController.swift in Sources */,
				03DF95171E6EABA800E31665 /* BaseCollectionViewCell.swift in Sources */,
				03DF95121E6EAB8E00E31665 /* String+BoundingRect.swift in Sources */,
				03DF95071E6EAADE00E31665 /* ServiceProvider.swift in Sources */,
				031EB0631E6FF7A9004D6349 /* AccessToken.swift in Sources */,
				03DF95031E6EAACF00E31665 /* UIViewController+Rx.swift in Sources */,
				03DF95111E6EAB8E00E31665 /* Snap.swift in Sources */,
				03DF95231E6EB80B00E31665 /* ShotsViewModel.swift in Sources */,
				03DF950B1E6EAB7900E31665 /* BaseViewController.swift in Sources */,
				031EB06B1E7001FF004D6349 /* DribbbleAPI.swift in Sources */,
				03DF95191E6EB2D800E31665 /* LoginViewController.swift in Sources */,
				03DF94EF1E6EA76A00E31665 /* AppDelegate.swift in Sources */,
				031EB0691E7000C1004D6349 /* User.swift in Sources */,
			);
			runOnlyForDeploymentPostprocessing = 0;
		};
/* End PBXSourcesBuildPhase section */

/* Begin PBXVariantGroup section */
		03DF94E21E6EA76A00E31665 /* LaunchScreen.storyboard */ = {
			isa = PBXVariantGroup;
			children = (
				03DF94E31E6EA76A00E31665 /* Base */,
			);
			name = LaunchScreen.storyboard;
			sourceTree = "<group>";
		};
		03DF94F61E6EA7A300E31665 /* Localizable.strings */ = {
			isa = PBXVariantGroup;
			children = (
				03DF94F51E6EA7A300E31665 /* en */,
				03DF94F71E6EA7AB00E31665 /* ko */,
			);
			name = Localizable.strings;
			sourceTree = "<group>";
		};
/* End PBXVariantGroup section */

/* Begin XCBuildConfiguration section */
		03DF94DA1E6EA54D00E31665 /* Debug */ = {
			isa = XCBuildConfiguration;
			buildSettings = {
				ALWAYS_SEARCH_USER_PATHS = NO;
				CLANG_ANALYZER_LOCALIZABILITY_NONLOCALIZED = YES;
				CLANG_ANALYZER_NONNULL = YES;
				CLANG_CXX_LANGUAGE_STANDARD = "gnu++0x";
				CLANG_CXX_LIBRARY = "libc++";
				CLANG_ENABLE_MODULES = YES;
				CLANG_ENABLE_OBJC_ARC = YES;
				CLANG_WARN_BOOL_CONVERSION = YES;
				CLANG_WARN_CONSTANT_CONVERSION = YES;
				CLANG_WARN_DIRECT_OBJC_ISA_USAGE = YES_ERROR;
				CLANG_WARN_DOCUMENTATION_COMMENTS = YES;
				CLANG_WARN_EMPTY_BODY = YES;
				CLANG_WARN_ENUM_CONVERSION = YES;
				CLANG_WARN_INFINITE_RECURSION = YES;
				CLANG_WARN_INT_CONVERSION = YES;
				CLANG_WARN_OBJC_ROOT_CLASS = YES_ERROR;
				CLANG_WARN_SUSPICIOUS_MOVE = YES;
				CLANG_WARN_UNREACHABLE_CODE = YES;
				CLANG_WARN__DUPLICATE_METHOD_MATCH = YES;
				"CODE_SIGN_IDENTITY[sdk=iphoneos*]" = "iPhone Developer";
				COPY_PHASE_STRIP = NO;
				DEBUG_INFORMATION_FORMAT = dwarf;
				ENABLE_STRICT_OBJC_MSGSEND = YES;
				ENABLE_TESTABILITY = YES;
				GCC_C_LANGUAGE_STANDARD = gnu99;
				GCC_DYNAMIC_NO_PIC = NO;
				GCC_NO_COMMON_BLOCKS = YES;
				GCC_OPTIMIZATION_LEVEL = 0;
				GCC_PREPROCESSOR_DEFINITIONS = (
					"DEBUG=1",
					"$(inherited)",
				);
				GCC_WARN_64_TO_32_BIT_CONVERSION = YES;
				GCC_WARN_ABOUT_RETURN_TYPE = YES_ERROR;
				GCC_WARN_UNDECLARED_SELECTOR = YES;
				GCC_WARN_UNINITIALIZED_AUTOS = YES_AGGRESSIVE;
				GCC_WARN_UNUSED_FUNCTION = YES;
				GCC_WARN_UNUSED_VARIABLE = YES;
				IPHONEOS_DEPLOYMENT_TARGET = 9.0;
				MTL_ENABLE_DEBUG_INFO = YES;
				ONLY_ACTIVE_ARCH = YES;
				SDKROOT = iphoneos;
				SWIFT_ACTIVE_COMPILATION_CONDITIONS = DEBUG;
				SWIFT_OPTIMIZATION_LEVEL = "-Onone";
			};
			name = Debug;
		};
		03DF94DB1E6EA54D00E31665 /* Release */ = {
			isa = XCBuildConfiguration;
			buildSettings = {
				ALWAYS_SEARCH_USER_PATHS = NO;
				CLANG_ANALYZER_LOCALIZABILITY_NONLOCALIZED = YES;
				CLANG_ANALYZER_NONNULL = YES;
				CLANG_CXX_LANGUAGE_STANDARD = "gnu++0x";
				CLANG_CXX_LIBRARY = "libc++";
				CLANG_ENABLE_MODULES = YES;
				CLANG_ENABLE_OBJC_ARC = YES;
				CLANG_WARN_BOOL_CONVERSION = YES;
				CLANG_WARN_CONSTANT_CONVERSION = YES;
				CLANG_WARN_DIRECT_OBJC_ISA_USAGE = YES_ERROR;
				CLANG_WARN_DOCUMENTATION_COMMENTS = YES;
				CLANG_WARN_EMPTY_BODY = YES;
				CLANG_WARN_ENUM_CONVERSION = YES;
				CLANG_WARN_INFINITE_RECURSION = YES;
				CLANG_WARN_INT_CONVERSION = YES;
				CLANG_WARN_OBJC_ROOT_CLASS = YES_ERROR;
				CLANG_WARN_SUSPICIOUS_MOVE = YES;
				CLANG_WARN_UNREACHABLE_CODE = YES;
				CLANG_WARN__DUPLICATE_METHOD_MATCH = YES;
				"CODE_SIGN_IDENTITY[sdk=iphoneos*]" = "iPhone Developer";
				COPY_PHASE_STRIP = NO;
				DEBUG_INFORMATION_FORMAT = "dwarf-with-dsym";
				ENABLE_NS_ASSERTIONS = NO;
				ENABLE_STRICT_OBJC_MSGSEND = YES;
				GCC_C_LANGUAGE_STANDARD = gnu99;
				GCC_NO_COMMON_BLOCKS = YES;
				GCC_WARN_64_TO_32_BIT_CONVERSION = YES;
				GCC_WARN_ABOUT_RETURN_TYPE = YES_ERROR;
				GCC_WARN_UNDECLARED_SELECTOR = YES;
				GCC_WARN_UNINITIALIZED_AUTOS = YES_AGGRESSIVE;
				GCC_WARN_UNUSED_FUNCTION = YES;
				GCC_WARN_UNUSED_VARIABLE = YES;
				IPHONEOS_DEPLOYMENT_TARGET = 9.0;
				MTL_ENABLE_DEBUG_INFO = NO;
				SDKROOT = iphoneos;
				SWIFT_OPTIMIZATION_LEVEL = "-Owholemodule";
				VALIDATE_PRODUCT = YES;
			};
			name = Release;
		};
		03DF94DD1E6EA54D00E31665 /* Debug */ = {
			isa = XCBuildConfiguration;
			baseConfigurationReference = F8CA7BC3B51ABD25FDC74FF4 /* Pods-Dribbblr.debug.xcconfig */;
			buildSettings = {
				ASSETCATALOG_COMPILER_APPICON_NAME = AppIcon;
				DEVELOPMENT_TEAM = "";
				INFOPLIST_FILE = "$(SRCROOT)/Dribbblr/Supporting Files/Info.plist";
				LD_RUNPATH_SEARCH_PATHS = "$(inherited) @executable_path/Frameworks";
				PRODUCT_BUNDLE_IDENTIFIER = kr.xoul.Dribbblr;
				PRODUCT_NAME = "$(TARGET_NAME)";
				SWIFT_VERSION = 3.0;
			};
			name = Debug;
		};
		03DF94DE1E6EA54D00E31665 /* Release */ = {
			isa = XCBuildConfiguration;
			baseConfigurationReference = 065198C07E63DA46C469D55E /* Pods-Dribbblr.release.xcconfig */;
			buildSettings = {
				ASSETCATALOG_COMPILER_APPICON_NAME = AppIcon;
				DEVELOPMENT_TEAM = "";
				INFOPLIST_FILE = "$(SRCROOT)/Dribbblr/Supporting Files/Info.plist";
				LD_RUNPATH_SEARCH_PATHS = "$(inherited) @executable_path/Frameworks";
				PRODUCT_BUNDLE_IDENTIFIER = kr.xoul.Dribbblr;
				PRODUCT_NAME = "$(TARGET_NAME)";
				SWIFT_VERSION = 3.0;
			};
			name = Release;
		};
/* End XCBuildConfiguration section */

/* Begin XCConfigurationList section */
		03DF94C51E6EA54D00E31665 /* Build configuration list for PBXProject "Dribbblr" */ = {
			isa = XCConfigurationList;
			buildConfigurations = (
				03DF94DA1E6EA54D00E31665 /* Debug */,
				03DF94DB1E6EA54D00E31665 /* Release */,
			);
			defaultConfigurationIsVisible = 0;
			defaultConfigurationName = Release;
		};
		03DF94DC1E6EA54D00E31665 /* Build configuration list for PBXNativeTarget "Dribbblr" */ = {
			isa = XCConfigurationList;
			buildConfigurations = (
				03DF94DD1E6EA54D00E31665 /* Debug */,
				03DF94DE1E6EA54D00E31665 /* Release */,
			);
			defaultConfigurationIsVisible = 0;
			defaultConfigurationName = Release;
		};
/* End XCConfigurationList section */
	};
	rootObject = 03DF94C21E6EA54D00E31665 /* Project object */;
}
