PODS:
  - Alamofire (4.4.0)
  - Carte (2.0.1)
  - CGFloatLiteral (0.3.0)
  - CocoaLumberjack/Default (3.1.0)
  - CocoaLumberjack/Swift (3.1.0):
    - CocoaLumberjack/Default
  - Crashlytics (3.8.4):
    - Fabric (~> 1.6.3)
  - Fabric (1.6.11)
  - Firebase/Core (4.0.1):
    - FirebaseAnalytics (= 4.0.0)
    - FirebaseCore (= 4.0.1)
  - FirebaseAnalytics (4.0.0):
    - FirebaseCore (~> 4.0)
    - FirebaseInstanceID (~> 2.0)
    - GoogleToolboxForMac/NSData+zlib (~> 2.1)
  - FirebaseCore (4.0.1):
    - GoogleToolboxForMac/NSData+zlib (~> 2.1)
  - FirebaseInstanceID (2.0.0):
    - FirebaseCore (~> 4.0)
  - GoogleToolboxForMac/Defines (2.1.1)
  - GoogleToolboxForMac/NSData+zlib (2.1.1):
    - GoogleToolboxForMac/Defines (= 2.1.1)
  - Immutable (0.3.0)
  - KeychainAccess (3.0.1)
  - Kingfisher (3.10.3)
  - ManualLayout (1.3.0)
  - Moya (8.0.3):
    - Moya/Core (= 8.0.3)
  - Moya/Core (8.0.3):
    - Alamofire (~> 4.1)
    - Result (~> 3.0)
  - Moya/RxSwift (8.0.3):
    - Moya/Core
    - RxSwift (~> 3.0)
  - MoyaSugar (0.4.0):
    - MoyaSugar/Core (= 0.4.0)
  - MoyaSugar/Core (0.4.0):
    - Moya (>= 8.0.0)
  - MoyaSugar/RxSwift (0.4.0):
    - Moya/RxSwift (>= 8.0.0)
    - MoyaSugar/Core
    - RxSwift (>= 3.0.0)
  - ObjectMapper (2.2.5)
  - ReactorKit (0.5.1):
    - RxSwift (>= 3.0.0)
  - Result (3.2.1)
  - ReusableKit (1.1.0)
  - RxCocoa (3.4.0):
    - RxSwift (~> 3.4)
  - RxDataSources (1.0.3):
    - RxCocoa (~> 3.0)
    - RxSwift (~> 3.0)
  - RxExpect (0.7.0):
    - RxCocoa (>= 3.4)
    - RxSwift (>= 3.4)
    - RxTest (>= 3.4)
  - RxGesture (1.0.0):
    - RxCocoa (~> 3.0)
    - RxSwift (~> 3.0)
  - RxKeyboard (0.4.1):
    - RxCocoa (>= 3.0)
    - RxSwift (>= 3.0)
  - RxOptional (3.1.3):
    - RxCocoa
    - RxSwift
  - RxReusable (0.3.1):
    - RxCocoa (>= 3.0)
    - RxSwift (>= 3.0)
  - RxSwift (3.4.0)
  - RxSwiftUtilities (1.0.1):
    - RxCocoa (~> 3.0)
    - RxSwift (~> 3.0)
  - RxTest (3.5.0):
    - RxSwift (~> 3.4)
  - RxViewController (0.1.0):
    - RxCocoa (>= 3.0.0)
    - RxSwift (>= 3.0.0)
  - SnapKit (3.2.0)
  - SwiftyColor (1.0.0)
  - SwiftyImage (1.0.0)
  - Swinject (2.0.0)
  - SwinjectAutoregistration (2.0.1):
    - Swinject (~> 2.0.0)
  - Then (2.1.0)
  - TouchAreaInsets (1.0.0)
  - TTTAttributedLabel (2.0.0)
  - UITextView+Placeholder (1.2.0)
  - Umbrella (0.3.1):
    - Umbrella/Answers (= 0.3.1)
    - Umbrella/Core (= 0.3.1)
    - Umbrella/Firebase (= 0.3.1)
    - Umbrella/Flurry (= 0.3.1)
    - Umbrella/Mixpanel (= 0.3.1)
  - Umbrella/Answers (0.3.1):
    - Umbrella/Core
  - Umbrella/Core (0.3.1)
  - Umbrella/Firebase (0.3.1):
    - Umbrella/Core
  - Umbrella/Flurry (0.3.1):
    - Umbrella/Core
  - Umbrella/Mixpanel (0.3.1):
    - Umbrella/Core
  - URLNavigator (1.2.0)
  - WebLinking (1.1.0)

DEPENDENCIES:
  - Alamofire
  - Carte
  - CGFloatLiteral
  - CocoaLumberjack/Swift
  - Crashlytics
  - Fabric
  - Firebase/Core
  - Immutable
  - KeychainAccess
  - Kingfisher
  - ManualLayout
  - Moya
  - Moya/RxSwift
  - MoyaSugar
  - MoyaSugar/RxSwift
  - ObjectMapper
  - ReactorKit
  - ReusableKit
  - RxCocoa
  - RxDataSources
  - RxExpect
  - RxGesture
  - RxKeyboard
  - RxOptional
  - RxReusable
  - RxSwift
  - RxSwiftUtilities
  - RxTest
  - RxViewController
  - SnapKit
  - SwiftyColor
  - SwiftyImage
  - Swinject
  - SwinjectAutoregistration
  - Then
  - TouchAreaInsets
  - TTTAttributedLabel
  - UITextView+Placeholder
  - Umbrella
  - URLNavigator
  - WebLinking (from `https://github.com/kylef/WebLinking.swift`, commit `fddbacc30deab8afe12ce1d3b78bd27c593a0c29`)

EXTERNAL SOURCES:
  WebLinking:
    :commit: fddbacc30deab8afe12ce1d3b78bd27c593a0c29
    :git: https://github.com/kylef/WebLinking.swift

CHECKOUT OPTIONS:
  WebLinking:
    :commit: fddbacc30deab8afe12ce1d3b78bd27c593a0c29
    :git: https://github.com/kylef/WebLinking.swift

SPEC CHECKSUMS:
  Alamofire: dc44b1600b800eb63da6a19039a0083d62a6a62d
  Carte: 0308b3bf4f3fd9fc3712f63545ed4af858c12f11
  CGFloatLiteral: faba125ab2bb8fa90142c414f876b83099c26f25
  CocoaLumberjack: 8311463ddf9ee86a06ef92a071dd656c89244500
  Crashlytics: 79e236942ca1e7fc641df1feb9a275360a78ab6a
  Fabric: 5911403591946b8228ab1c51d98f1d7137e863c6
  Firebase: f984cd44a160be77ad0590f432e574562bfd4083
  FirebaseAnalytics: 6f08e746f7d66f5452931bc2e822b5df9c66b64a
  FirebaseCore: 06172c5a0744ab3dd14f778fd666c22855e20098
  FirebaseInstanceID: 9fbf536668f4d3f0880e7438456dabd1376e294b
  GoogleToolboxForMac: 8e329f1b599f2512c6b10676d45736bcc2cbbeb0
  Immutable: 647a894d00b459bf3672f2b38b7da9cbf6a8b923
  KeychainAccess: 017ea25e313a49eda10bb19b0bb0760fb1edfe1a
  Kingfisher: a0ac82dc5bcf0388dd74b294cf2cc13730c63436
  ManualLayout: 68ac8cfa6b5f656f7a9fadec3730208b95986880
  Moya: d3721622e3cc0cc2f038d69a258686f0b66e7252
  MoyaSugar: 302175740302bed7309b9483c4a3321631eab753
  ObjectMapper: fb30f71e08470d1e5a20b199fafe1246281db898
  ReactorKit: 42df9addbaad5ab1abd817893ef870bec86b3f86
  Result: 2453a22e5c5b11c0c3a478736e82cd02f763b781
  ReusableKit: 89e743a120bab0d95848bff27e481833c2768905
  RxCocoa: d14ef6b6029e1ddc6e966508c09289090de68ff9
  RxDataSources: a021a0e944ba5f7991259829d973afdbfa719c0b
  RxExpect: 6211e63608788e904cde817aa6ccc0ac4fd4beb5
  RxGesture: df17ca8be513640294c544b3165875e91de665ec
  RxKeyboard: 4046ecd1884a3bf0dacb823bd2ac8b00482d29ff
  RxOptional: b97b59183af80d1e729ac9e51d09a10be668d6a8
  RxReusable: c18e8e3b5f12a3292b76cc552dd946500f8d2c32
  RxSwift: 3789a1af753002a14edecdb698a2424624296a9c
  RxSwiftUtilities: 57e77c17b885931c37aa038f114f14fd1f478ac2
  RxTest: 1763765fd0e2282b0eb44c9050effdd7fe7156d4
  RxViewController: 45aada3de70642e419b13b100ba395287859361b
  SnapKit: 1ca44df72cfa543218d177cb8aab029d10d86ea7
  SwiftyColor: 7fa09db14051bc5d7f539e1c4576665975225992
  SwiftyImage: 79090f8b96057b3e91064de172936b97855086e6
  Swinject: 2e964a80d70ab09b3949c99032711f89147bfd60
  SwinjectAutoregistration: d19654c429354bad4b544c658dc92345ccdbb72c
  Then: 8496793c8fcac95482b943909b440724c7d8d82c
  TouchAreaInsets: 01a873de4bac294e502bd07219f82bd18866eeee
  TTTAttributedLabel: 8cffe8e127e4e82ff3af1e5386d4cd0ad000b656
  UITextView+Placeholder: 77680995fcdd07c3f52ec92fe1150874a2ac89ff
  Umbrella: 896008d98f64099b03ce8ea49ff7b4cb2f9f1b48
  URLNavigator: 3ff788c985a0aae654e7de4959c4b0ea8a45f022
  WebLinking: 3f71787c14a225148e8be29fe6e7c98597cbc459

PODFILE CHECKSUM: 6dad3bb0f54834be03c24389364993828654501f

COCOAPODS: 1.2.0
