PODS:
  - Alamofire (4.5.1)
  - Carte (2.1.0)
  - CGFloatLiteral (0.4.0)
  - CocoaLumberjack/Default (3.2.1)
  - CocoaLumberjack/Swift (3.2.1):
    - CocoaLumberjack/Default
  - Crashlytics (3.8.6):
    - Fabric (~> 1.6.3)
  - Differentiator (3.0.0-beta.0)
  - Fabric (1.6.13)
  - Firebase/Core (4.2.0):
    - FirebaseAnalytics (= 4.0.3)
    - FirebaseCore (= 4.0.7)
  - FirebaseAnalytics (4.0.3):
    - FirebaseCore (~> 4.0)
    - FirebaseInstanceID (~> 2.0)
    - GoogleToolboxForMac/NSData+zlib (~> 2.1)
    - nanopb (~> 0.3)
  - FirebaseCore (4.0.7):
    - GoogleToolboxForMac/NSData+zlib (~> 2.1)
    - nanopb (~> 0.3)
  - FirebaseInstanceID (2.0.3)
  - GoogleToolboxForMac/Defines (2.1.1)
  - GoogleToolboxForMac/NSData+zlib (2.1.1):
    - GoogleToolboxForMac/Defines (= 2.1.1)
  - Immutable (0.5.0)
  - KeychainAccess (3.1.0)
  - Kingfisher (4.0.1)
  - ManualLayout (1.3.0)
  - Moya (9.0.0):
    - Moya/Core (= 9.0.0)
  - Moya/Core (9.0.0):
    - Alamofire (~> 4.1)
    - Result (~> 3.0)
  - Moya/RxSwift (9.0.0):
    - Moya/Core
    - RxSwift (= 4.0.0-beta.0)
  - MoyaSugar (1.0.0-beta.1):
    - MoyaSugar/Core (= 1.0.0-beta.1)
  - MoyaSugar/Core (1.0.0-beta.1):
    - Moya (>= 9.0.0)
  - MoyaSugar/RxSwift (1.0.0-beta.1):
    - Moya/RxSwift (>= 9.0.0)
    - MoyaSugar/Core
    - RxSwift (>= 4.0.0.beta.0)
  - nanopb (0.3.8):
    - nanopb/decode (= 0.3.8)
    - nanopb/encode (= 0.3.8)
  - nanopb/decode (0.3.8)
  - nanopb/encode (0.3.8)
  - Nimble (7.0.1)
  - ObjectMapper (3.0.0)
  - Quick (1.1.0)
  - ReactorKit (0.6.0):
    - RxSwift (>= 3.0.0)
  - Result (3.2.3)
  - ReusableKit (2.0.0):
    - ReusableKit/Core (= 2.0.0)
    - ReusableKit/RxSwift (= 2.0.0)
  - ReusableKit/Core (2.0.0)
  - ReusableKit/RxSwift (2.0.0):
    - ReusableKit/Core
    - RxCocoa (>= 4.0.0-beta.0)
    - RxSwift (>= 4.0.0-beta.0)
  - RxCocoa (4.0.0-beta.0):
    - RxSwift (~> 4.0.0-beta.0)
  - RxDataSources (3.0.0-beta.0):
    - Differentiator (~> 3.0.0-beta.0)
    - RxCocoa (~> 4.0.0-beta.0)
    - RxSwift (~> 4.0.0-beta.0)
  - RxGesture (1.1.1):
    - RxCocoa (~> 4.0.0-alpha.0)
    - RxSwift (~> 4.0.0-alpha.0)
  - RxKeyboard (0.7.0):
    - RxCocoa (>= 4.0.0-beta.0)
    - RxSwift (>= 4.0.0-beta.0)
  - RxOptional (3.2.0):
    - RxCocoa
    - RxSwift
  - RxSwift (4.0.0-beta.0)
  - RxViewController (0.2.0):
    - RxCocoa (>= 3.0.0)
    - RxSwift (>= 3.0.0)
  - SectionReactor (0.2.1):
    - ReactorKit
    - RxDataSources
  - SnapKit (4.0.0)
  - Stubber (1.0.0)
  - SwiftyColor (1.0.0)
  - SwiftyImage (1.2.0)
  - Then (2.2.0)
  - TouchAreaInsets (1.1.0)
  - TTTAttributedLabel (2.0.0)
  - UICollectionViewFlexLayout (0.3.1)
  - UITextView+Placeholder (1.2.0)
  - Umbrella (0.6.0):
    - Umbrella/Core (= 0.6.0)
  - Umbrella/Core (0.6.0)
  - Umbrella/Firebase (0.6.0):
    - Umbrella/Core
  - URLNavigator (1.2.5)
  - WebLinking (2.0.0)

DEPENDENCIES:
  - Alamofire
  - Carte
  - CGFloatLiteral
  - CocoaLumberjack/Swift
  - Crashlytics
  - Differentiator (from `https://github.com/RxSwiftCommunity/RxDataSources.git`, branch `swift4.0`)
  - Fabric
  - Firebase/Core
  - Immutable
  - KeychainAccess
  - Kingfisher
  - ManualLayout
  - Moya (from `https://github.com/Moya/Moya.git`, branch `10.0.0-dev`)
  - Moya/RxSwift (from `https://github.com/Moya/Moya.git`, branch `10.0.0-dev`)
  - MoyaSugar (from `https://github.com/devxoul/MoyaSugar.git`, branch `master`)
  - MoyaSugar/RxSwift (from `https://github.com/devxoul/MoyaSugar.git`, branch `master`)
  - Nimble (from `https://github.com/Quick/Nimble.git`, branch `master`)
  - ObjectMapper (from `https://github.com/Hearst-DD/ObjectMapper.git`, branch `swift-4`)
  - Quick (from `https://github.com/Quick/Quick.git`, branch `master`)
  - ReactorKit
  - ReusableKit
  - RxCocoa (= 4.0.0-beta.0)
  - RxDataSources (from `https://github.com/RxSwiftCommunity/RxDataSources.git`, branch `swift4.0`)
  - RxGesture (from `https://github.com/sidmani/RxGesture.git`, branch `swift-4`)
  - RxKeyboard
  - RxOptional
  - RxSwift (= 4.0.0-beta.0)
  - RxViewController
  - SectionReactor (from `https://github.com/devxoul/SectionReactor.git`, branch `swift-4.0`)
  - SnapKit
  - Stubber
  - SwiftyColor
  - SwiftyImage
  - Then
  - TouchAreaInsets
  - TTTAttributedLabel
  - UICollectionViewFlexLayout
  - UITextView+Placeholder
  - Umbrella
  - Umbrella/Firebase
  - URLNavigator (from `https://github.com/devxoul/URLNavigator.git`, branch `master`)
  - WebLinking (from `https://github.com/devxoul/WebLinking.swift`, branch `swift-4.0`)

EXTERNAL SOURCES:
  Differentiator:
    :branch: swift4.0
    :git: https://github.com/RxSwiftCommunity/RxDataSources.git
  Moya:
    :branch: 10.0.0-dev
    :git: https://github.com/Moya/Moya.git
  MoyaSugar:
    :branch: master
    :git: https://github.com/devxoul/MoyaSugar.git
  Nimble:
    :branch: master
    :git: https://github.com/Quick/Nimble.git
  ObjectMapper:
    :branch: swift-4
    :git: https://github.com/Hearst-DD/ObjectMapper.git
  Quick:
    :branch: master
    :git: https://github.com/Quick/Quick.git
  RxDataSources:
    :branch: swift4.0
    :git: https://github.com/RxSwiftCommunity/RxDataSources.git
  RxGesture:
    :branch: swift-4
    :git: https://github.com/sidmani/RxGesture.git
  SectionReactor:
    :branch: swift-4.0
    :git: https://github.com/devxoul/SectionReactor.git
  URLNavigator:
    :branch: master
    :git: https://github.com/devxoul/URLNavigator.git
  WebLinking:
    :branch: swift-4.0
    :git: https://github.com/devxoul/WebLinking.swift

CHECKOUT OPTIONS:
  Differentiator:
    :commit: 847b3ce429f5dab62ddc00d5d2d10131a650af11
    :git: https://github.com/RxSwiftCommunity/RxDataSources.git
  Moya:
    :commit: 4382d73610cacc35f2330a0cdb91180d29e16b51
    :git: https://github.com/Moya/Moya.git
  MoyaSugar:
    :commit: ffd3ee7ea5fc1c9d3fe904d43d56ce08e1f38a15
    :git: https://github.com/devxoul/MoyaSugar.git
  Nimble:
    :commit: a63252b16eba6cdebec4e4936388c90552165a68
    :git: https://github.com/Quick/Nimble.git
  ObjectMapper:
    :commit: 18051553fc44e98ffb1b7e93fa94cd184283d993
    :git: https://github.com/Hearst-DD/ObjectMapper.git
  Quick:
    :commit: 3665ae9570b682a562df847cccbb46811864676a
    :git: https://github.com/Quick/Quick.git
  RxDataSources:
    :commit: 847b3ce429f5dab62ddc00d5d2d10131a650af11
    :git: https://github.com/RxSwiftCommunity/RxDataSources.git
  RxGesture:
    :commit: cc397115485a69919859fdce3875d613786c8308
    :git: https://github.com/sidmani/RxGesture.git
  SectionReactor:
    :commit: 96aa587080bf5c278f554b85cdf37a36e9847a5a
    :git: https://github.com/devxoul/SectionReactor.git
  URLNavigator:
    :commit: fd39b074b6afe22847e789e6e0f20a711062335d
    :git: https://github.com/devxoul/URLNavigator.git
  WebLinking:
    :commit: 9f425b2dc9d48647d62f234be2527f962831728c
    :git: https://github.com/devxoul/WebLinking.swift

SPEC CHECKSUMS:
  Alamofire: 2d95912bf4c34f164fdfc335872e8c312acaea4a
  Carte: 7b8d90c312cb5586aea71ed693c0f4f046af42db
  CGFloatLiteral: 2ab558b74124b584dd023a35b7e41795a61d8140
  CocoaLumberjack: 2800c03334042fe80589423c8d80e582dcaec482
  Crashlytics: 95d05f4e4c19a771250c4bd9ce344d996de32bbf
  Differentiator: dc3c10813dbc68a761292f18f4039bc99ad73693
  Fabric: 2fb5676bc811af011a04513451f463dac6803206
  Firebase: 9548cae14d69718add12d75a5b312893f7ef89c7
  FirebaseAnalytics: 76f754d37ca5b04f36856729b6af3ca0152d1069
  FirebaseCore: 9a6cc1e3eaf75905390f9220596ad4fd8f92faee
  FirebaseInstanceID: a4fc702b5a026f7322964376047f1a3f1f7cc6ff
  GoogleToolboxForMac: 8e329f1b599f2512c6b10676d45736bcc2cbbeb0
  Immutable: a77b96749daf0f74d2471bca7dc08703b92fd6d8
  KeychainAccess: 94c5540b32eabf7bc32bfb976a268e8ea05fd6da
  Kingfisher: b771785e9461ed4b8686d40e7145f9e58100cb24
  ManualLayout: 68ac8cfa6b5f656f7a9fadec3730208b95986880
  Moya: 43aa124994d3f6eb663e15436a9e909b39cc62cb
  MoyaSugar: 5c7e6e005b4c4df1ee71ebe86d57af49da88a7f7
  nanopb: 5601e6bca2dbf1ed831b519092ec110f66982ca3
  Nimble: 1b6670c36e5750169b9e4cc2e9cfa82a7603c69e
  ObjectMapper: 739e5530df22248823f6cc7ed9e016ebf2c26a27
  Quick: 4700beb8056662b579facd79eaca7f04fb3d48e6
  ReactorKit: d979377df0ff393cb0ed4df9c2b31b2edd8dca08
  Result: 128640a6347e8d2ae48b142556739a2d13f90ce6
  ReusableKit: 668daa3e98e614ec2e135db2028a958baa2abd6f
  RxCocoa: 8d809675f4e89c5c4c5a6900bbd11fe632ad5d86
  RxDataSources: 2ec4fd48dd47a8c8f0886aa9fa25338fda930017
  RxGesture: 846e57fef9ddab441cdb76c8668bed1cb3d027b6
  RxKeyboard: d7b65fd85347c2ec214d21c95537dadc62d3b9af
  RxOptional: d2d6a68064bc16b4801332c40663967f481b0234
  RxSwift: e0899fae37065c16db976cc5e3c957e4e388869c
  RxViewController: 67cc7dde0f9e2ed941029eceec750c3ecb6ba74b
  SectionReactor: 1b8d29993ab415c621fb0610d35671f5a67dd7c3
  SnapKit: a42d492c16e80209130a3379f73596c3454b7694
  Stubber: 0d3759dc6979d0a6163d77d971927f01aa5b5258
  SwiftyColor: 7fa09db14051bc5d7f539e1c4576665975225992
  SwiftyImage: ebaa7c7b6163cd4ad102f3bb05a8fb276d35b4f3
  Then: 823f9813e1d4d0a814a5ba15e9c9d33ec7aca631
  TouchAreaInsets: eb1ad705965a142a30a9c6a3405bec5e46d8613b
  TTTAttributedLabel: 8cffe8e127e4e82ff3af1e5386d4cd0ad000b656
  UICollectionViewFlexLayout: 81ebb940737f0689ce35efd8c7cfa7c7f68d2d18
  UITextView+Placeholder: 77680995fcdd07c3f52ec92fe1150874a2ac89ff
  Umbrella: a4b409f07d023748ce84959363341ca7068c82ef
  URLNavigator: d7be873d03072a926f7cc950695fa06987a27b67
  WebLinking: a2ffdedbc8741b6cc490a3a06b747f7b528d6b7b

PODFILE CHECKSUM: a44176695ac1c4fdae88cea2ba46ae6ca231e351

COCOAPODS: 1.3.1
