// !$*UTF8*$!
{
	archiveVersion = 1;
	classes = {
	};
	objectVersion = 46;
	objects = {

/* Begin PBXBuildFile section */
		031EB0591E6FED65004D6349 /* URLNavigationMap.swift in Sources */ = {isa = PBXBuildFile; fileRef = 031EB0581E6FED65004D6349 /* URLNavigationMap.swift */; };
		031EB05B1E6FEFE7004D6349 /* AuthService.swift in Sources */ = {isa = PBXBuildFile; fileRef = 031EB05A1E6FEFE7004D6349 /* AuthService.swift */; };
		031EB0631E6FF7A9004D6349 /* AccessToken.swift in Sources */ = {isa = PBXBuildFile; fileRef = 031EB0621E6FF7A9004D6349 /* AccessToken.swift */; };
		031EB0671E6FFDE3004D6349 /* Shot.swift in Sources */ = {isa = PBXBuildFile; fileRef = 031EB0661E6FFDE3004D6349 /* Shot.swift */; };
		031EB0691E7000C1004D6349 /* User.swift in Sources */ = {isa = PBXBuildFile; fileRef = 031EB0681E7000C1004D6349 /* User.swift */; };
		031EB06B1E7001FF004D6349 /* DribbbleAPI.swift in Sources */ = {isa = PBXBuildFile; fileRef = 031EB06A1E7001FF004D6349 /* DribbbleAPI.swift */; };
		031EB0721E7005B4004D6349 /* Logger.swift in Sources */ = {isa = PBXBuildFile; fileRef = 031EB0711E7005B4004D6349 /* Logger.swift */; };
		031EB0741E7006BD004D6349 /* Networking.swift in Sources */ = {isa = PBXBuildFile; fileRef = 031EB0731E7006BD004D6349 /* Networking.swift */; };
		031EB0761E700814004D6349 /* UserService.swift in Sources */ = {isa = PBXBuildFile; fileRef = 031EB0751E700814004D6349 /* UserService.swift */; };
		031EB0781E700912004D6349 /* ObjectMapper+Rx.swift in Sources */ = {isa = PBXBuildFile; fileRef = 031EB0771E700912004D6349 /* ObjectMapper+Rx.swift */; };
		031EB0821E70624D004D6349 /* AuthPlugin.swift in Sources */ = {isa = PBXBuildFile; fileRef = 031EB0811E70624D004D6349 /* AuthPlugin.swift */; };
		035D068A1E71A1F800AFF030 /* ShotService.swift in Sources */ = {isa = PBXBuildFile; fileRef = 035D06891E71A1F800AFF030 /* ShotService.swift */; };
		035D068C1E71A40000AFF030 /* ShotTileCell.swift in Sources */ = {isa = PBXBuildFile; fileRef = 035D068B1E71A40000AFF030 /* ShotTileCell.swift */; };
		035D068E1E71A48000AFF030 /* ShotCellReactor.swift in Sources */ = {isa = PBXBuildFile; fileRef = 035D068D1E71A48000AFF030 /* ShotCellReactor.swift */; };
		035D06901E71AD6100AFF030 /* ShotListViewSection.swift in Sources */ = {isa = PBXBuildFile; fileRef = 035D068F1E71AD6100AFF030 /* ShotListViewSection.swift */; };
		035D06921E71BBD700AFF030 /* UIScrollView+Rx.swift in Sources */ = {isa = PBXBuildFile; fileRef = 035D06911E71BBD700AFF030 /* UIScrollView+Rx.swift */; };
		035D06941E71C00400AFF030 /* Observable+ActivityIndicator.swift in Sources */ = {isa = PBXBuildFile; fileRef = 035D06931E71C00400AFF030 /* Observable+ActivityIndicator.swift */; };
		035D06961E71C84700AFF030 /* RxOperators.swift in Sources */ = {isa = PBXBuildFile; fileRef = 035D06951E71C84700AFF030 /* RxOperators.swift */; };
		035D069A1E71DC3000AFF030 /* List.swift in Sources */ = {isa = PBXBuildFile; fileRef = 035D06991E71DC3000AFF030 /* List.swift */; };
		0365BB8A1E747D22009BA3F8 /* ShotViewTextCell.swift in Sources */ = {isa = PBXBuildFile; fileRef = 0365BB891E747D22009BA3F8 /* ShotViewTextCell.swift */; };
		0365BB8C1E747D91009BA3F8 /* ShotViewTextCellReactor.swift in Sources */ = {isa = PBXBuildFile; fileRef = 0365BB8B1E747D91009BA3F8 /* ShotViewTextCellReactor.swift */; };
		0365BB8E1E748246009BA3F8 /* NSAttributedString+HTMLString.swift in Sources */ = {isa = PBXBuildFile; fileRef = 0365BB8D1E748246009BA3F8 /* NSAttributedString+HTMLString.swift */; };
		0365BB901E74846F009BA3F8 /* NSAttributedString+BoundingRect.swift in Sources */ = {isa = PBXBuildFile; fileRef = 0365BB8F1E74846F009BA3F8 /* NSAttributedString+BoundingRect.swift */; };
		0365BB921E753F5B009BA3F8 /* ShotViewReactionCell.swift in Sources */ = {isa = PBXBuildFile; fileRef = 0365BB911E753F5B009BA3F8 /* ShotViewReactionCell.swift */; };
		0365BB941E753F5E009BA3F8 /* ShotViewReactionCellReactor.swift in Sources */ = {isa = PBXBuildFile; fileRef = 0365BB931E753F5E009BA3F8 /* ShotViewReactionCellReactor.swift */; };
		0365BB961E754424009BA3F8 /* ExclusiveGestureRecognizerDelegate.swift in Sources */ = {isa = PBXBuildFile; fileRef = 0365BB951E754424009BA3F8 /* ExclusiveGestureRecognizerDelegate.swift */; };
		0365BB981E754D9E009BA3F8 /* ShotViewReactionButtonView.swift in Sources */ = {isa = PBXBuildFile; fileRef = 0365BB971E754D9E009BA3F8 /* ShotViewReactionButtonView.swift */; };
		0365BB9A1E754E72009BA3F8 /* ShotViewReactionButtonViewReactor.swift in Sources */ = {isa = PBXBuildFile; fileRef = 0365BB991E754E72009BA3F8 /* ShotViewReactionButtonViewReactor.swift */; };
		0365BB9C1E755309009BA3F8 /* ShotViewReactionLikeButtonViewReactor.swift in Sources */ = {isa = PBXBuildFile; fileRef = 0365BB9B1E755309009BA3F8 /* ShotViewReactionLikeButtonViewReactor.swift */; };
		0365BB9E1E755320009BA3F8 /* ShotViewReactionCommentButtonViewReactor.swift in Sources */ = {isa = PBXBuildFile; fileRef = 0365BB9D1E755320009BA3F8 /* ShotViewReactionCommentButtonViewReactor.swift */; };
		0365BBA01E758BB4009BA3F8 /* ModelStream.swift in Sources */ = {isa = PBXBuildFile; fileRef = 0365BB9F1E758BB4009BA3F8 /* ModelStream.swift */; };
		0377C5531E745BC200EE4576 /* ShotViewController.swift in Sources */ = {isa = PBXBuildFile; fileRef = 0377C5521E745BC200EE4576 /* ShotViewController.swift */; };
		0377C5551E745BF000EE4576 /* ShotViewReactor.swift in Sources */ = {isa = PBXBuildFile; fileRef = 0377C5541E745BF000EE4576 /* ShotViewReactor.swift */; };
		0377C5571E745CDB00EE4576 /* ShotViewSection.swift in Sources */ = {isa = PBXBuildFile; fileRef = 0377C5561E745CDB00EE4576 /* ShotViewSection.swift */; };
		0377C5591E745D8300EE4576 /* ShotViewImageCell.swift in Sources */ = {isa = PBXBuildFile; fileRef = 0377C5581E745D8300EE4576 /* ShotViewImageCell.swift */; };
		0377C55B1E745E6D00EE4576 /* ShotViewImageCellReactor.swift in Sources */ = {isa = PBXBuildFile; fileRef = 0377C55A1E745E6D00EE4576 /* ShotViewImageCellReactor.swift */; };
		0377C55D1E74680700EE4576 /* BorderedLayer.swift in Sources */ = {isa = PBXBuildFile; fileRef = 0377C55C1E74680700EE4576 /* BorderedLayer.swift */; };
		0377C55F1E746ADE00EE4576 /* ShotViewTitleCell.swift in Sources */ = {isa = PBXBuildFile; fileRef = 0377C55E1E746ADE00EE4576 /* ShotViewTitleCell.swift */; };
		0377C5611E746B5C00EE4576 /* ShotViewTitleCellReactor.swift in Sources */ = {isa = PBXBuildFile; fileRef = 0377C5601E746B5C00EE4576 /* ShotViewTitleCellReactor.swift */; };
		0377C5631E746E5300EE4576 /* UIEdgeInsets+Init.swift in Sources */ = {isa = PBXBuildFile; fileRef = 0377C5621E746E5200EE4576 /* UIEdgeInsets+Init.swift */; };
		038B68F71E71ED90006B44F9 /* Paging.swift in Sources */ = {isa = PBXBuildFile; fileRef = 038B68F61E71ED90006B44F9 /* Paging.swift */; };
		038B68F91E71F338006B44F9 /* CollectionActivityIndicatorView.swift in Sources */ = {isa = PBXBuildFile; fileRef = 038B68F81E71F338006B44F9 /* CollectionActivityIndicatorView.swift */; };
		038B68FB1E71F5D8006B44F9 /* UIColor+Dribbble.swift in Sources */ = {isa = PBXBuildFile; fileRef = 038B68FA1E71F5D8006B44F9 /* UIColor+Dribbble.swift */; };
		038B68FF1E72A399006B44F9 /* MainTabBarController.swift in Sources */ = {isa = PBXBuildFile; fileRef = 038B68FE1E72A399006B44F9 /* MainTabBarController.swift */; };
		038B69011E72A3BC006B44F9 /* MainTabBarViewReactor.swift in Sources */ = {isa = PBXBuildFile; fileRef = 038B69001E72A3BC006B44F9 /* MainTabBarViewReactor.swift */; };
		038B69031E72A466006B44F9 /* SettingsViewController.swift in Sources */ = {isa = PBXBuildFile; fileRef = 038B69021E72A466006B44F9 /* SettingsViewController.swift */; };
		038B69051E72A46D006B44F9 /* SettingsViewReactor.swift in Sources */ = {isa = PBXBuildFile; fileRef = 038B69041E72A46D006B44F9 /* SettingsViewReactor.swift */; };
		038B69071E72A4CA006B44F9 /* SettingsViewSection.swift in Sources */ = {isa = PBXBuildFile; fileRef = 038B69061E72A4CA006B44F9 /* SettingsViewSection.swift */; };
		038B69091E72A67F006B44F9 /* SettingItemCell.swift in Sources */ = {isa = PBXBuildFile; fileRef = 038B69081E72A67F006B44F9 /* SettingItemCell.swift */; };
		038B690B1E72A68B006B44F9 /* BaseTableViewCell.swift in Sources */ = {isa = PBXBuildFile; fileRef = 038B690A1E72A68B006B44F9 /* BaseTableViewCell.swift */; };
		038B690D1E72A752006B44F9 /* SettingItemCellReactor.swift in Sources */ = {isa = PBXBuildFile; fileRef = 038B690C1E72A752006B44F9 /* SettingItemCellReactor.swift */; };
		038B690F1E73153E006B44F9 /* UITableView+Rx.swift in Sources */ = {isa = PBXBuildFile; fileRef = 038B690E1E73153E006B44F9 /* UITableView+Rx.swift */; };
		038B69111E7318FE006B44F9 /* UICollectionView+Rx.swift in Sources */ = {isa = PBXBuildFile; fileRef = 038B69101E7318FE006B44F9 /* UICollectionView+Rx.swift */; };
		03D996D21E8051FC004773AE /* Comment.swift in Sources */ = {isa = PBXBuildFile; fileRef = 03D996D11E8051FC004773AE /* Comment.swift */; };
		03D996D41E80535B004773AE /* ShotViewCommentCell.swift in Sources */ = {isa = PBXBuildFile; fileRef = 03D996D31E80535B004773AE /* ShotViewCommentCell.swift */; };
		03D996D61E805392004773AE /* ShotViewCommentCellReactor.swift in Sources */ = {isa = PBXBuildFile; fileRef = 03D996D51E805392004773AE /* ShotViewCommentCellReactor.swift */; };
		03D996D81E805DB6004773AE /* CollectionActivityIndicatorCell.swift in Sources */ = {isa = PBXBuildFile; fileRef = 03D996D71E805DB6004773AE /* CollectionActivityIndicatorCell.swift */; };
		03DF94EC1E6EA76A00E31665 /* Assets.xcassets in Resources */ = {isa = PBXBuildFile; fileRef = 03DF94E11E6EA76A00E31665 /* Assets.xcassets */; };
		03DF94ED1E6EA76A00E31665 /* LaunchScreen.storyboard in Resources */ = {isa = PBXBuildFile; fileRef = 03DF94E21E6EA76A00E31665 /* LaunchScreen.storyboard */; };
		03DF94EF1E6EA76A00E31665 /* AppDelegate.swift in Sources */ = {isa = PBXBuildFile; fileRef = 03DF94E71E6EA76A00E31665 /* AppDelegate.swift */; };
		03DF94F41E6EA7A300E31665 /* Localizable.strings in Resources */ = {isa = PBXBuildFile; fileRef = 03DF94F61E6EA7A300E31665 /* Localizable.strings */; };
		03DF95031E6EAACF00E31665 /* UIViewController+Rx.swift in Sources */ = {isa = PBXBuildFile; fileRef = 03DF95021E6EAACF00E31665 /* UIViewController+Rx.swift */; };
		03DF95061E6EAADE00E31665 /* BaseService.swift in Sources */ = {isa = PBXBuildFile; fileRef = 03DF95041E6EAADE00E31665 /* BaseService.swift */; };
		03DF95071E6EAADE00E31665 /* ServiceProvider.swift in Sources */ = {isa = PBXBuildFile; fileRef = 03DF95051E6EAADE00E31665 /* ServiceProvider.swift */; };
		03DF95091E6EAB5000E31665 /* ModelType.swift in Sources */ = {isa = PBXBuildFile; fileRef = 03DF95081E6EAB5000E31665 /* ModelType.swift */; };
		03DF950B1E6EAB7900E31665 /* BaseViewController.swift in Sources */ = {isa = PBXBuildFile; fileRef = 03DF950A1E6EAB7900E31665 /* BaseViewController.swift */; };
		03DF95111E6EAB8E00E31665 /* Snap.swift in Sources */ = {isa = PBXBuildFile; fileRef = 03DF950C1E6EAB8E00E31665 /* Snap.swift */; };
		03DF95121E6EAB8E00E31665 /* String+BoundingRect.swift in Sources */ = {isa = PBXBuildFile; fileRef = 03DF950D1E6EAB8E00E31665 /* String+BoundingRect.swift */; };
		03DF95131E6EAB8E00E31665 /* String+Localized.swift in Sources */ = {isa = PBXBuildFile; fileRef = 03DF950E1E6EAB8E00E31665 /* String+Localized.swift */; };
		03DF95141E6EAB8E00E31665 /* UICollectionView+CellWidth.swift in Sources */ = {isa = PBXBuildFile; fileRef = 03DF950F1E6EAB8E00E31665 /* UICollectionView+CellWidth.swift */; };
		03DF95151E6EAB8E00E31665 /* UIScrollView+ScrollToBottom.swift in Sources */ = {isa = PBXBuildFile; fileRef = 03DF95101E6EAB8E00E31665 /* UIScrollView+ScrollToBottom.swift */; };
		03DF95171E6EABA800E31665 /* BaseCollectionViewCell.swift in Sources */ = {isa = PBXBuildFile; fileRef = 03DF95161E6EABA800E31665 /* BaseCollectionViewCell.swift */; };
		03DF95191E6EB2D800E31665 /* LoginViewController.swift in Sources */ = {isa = PBXBuildFile; fileRef = 03DF95181E6EB2D800E31665 /* LoginViewController.swift */; };
		03DF951B1E6EB51700E31665 /* SplashViewController.swift in Sources */ = {isa = PBXBuildFile; fileRef = 03DF951A1E6EB51700E31665 /* SplashViewController.swift */; };
		03DF951D1E6EB56C00E31665 /* SplashViewReactor.swift in Sources */ = {isa = PBXBuildFile; fileRef = 03DF951C1E6EB56C00E31665 /* SplashViewReactor.swift */; };
		03DF951F1E6EB7E200E31665 /* LoginViewReactor.swift in Sources */ = {isa = PBXBuildFile; fileRef = 03DF951E1E6EB7E200E31665 /* LoginViewReactor.swift */; };
		03DF95211E6EB80700E31665 /* ShotListViewController.swift in Sources */ = {isa = PBXBuildFile; fileRef = 03DF95201E6EB80700E31665 /* ShotListViewController.swift */; };
		03DF95231E6EB80B00E31665 /* ShotListViewReactor.swift in Sources */ = {isa = PBXBuildFile; fileRef = 03DF95221E6EB80B00E31665 /* ShotListViewReactor.swift */; };
		6DDB34252C101AA23C62E243 /* Pods_Drrrible.framework in Frameworks */ = {isa = PBXBuildFile; fileRef = 23868B34FAC632E09764E4A2 /* Pods_Drrrible.framework */; };
		D5FDD5E79F8CD8235CDB2098 /* Pods_Drrrible.framework in Frameworks */ = {isa = PBXBuildFile; fileRef = CE2B72EA560A954FCA7B57A4 /* Pods_Drrrible.framework */; };
/* End PBXBuildFile section */

/* Begin PBXFileReference section */
		031EB0581E6FED65004D6349 /* URLNavigationMap.swift */ = {isa = PBXFileReference; fileEncoding = 4; lastKnownFileType = sourcecode.swift; path = URLNavigationMap.swift; sourceTree = "<group>"; };
		031EB05A1E6FEFE7004D6349 /* AuthService.swift */ = {isa = PBXFileReference; fileEncoding = 4; lastKnownFileType = sourcecode.swift; path = AuthService.swift; sourceTree = "<group>"; };
		031EB0621E6FF7A9004D6349 /* AccessToken.swift */ = {isa = PBXFileReference; fileEncoding = 4; lastKnownFileType = sourcecode.swift; path = AccessToken.swift; sourceTree = "<group>"; };
		031EB0661E6FFDE3004D6349 /* Shot.swift */ = {isa = PBXFileReference; fileEncoding = 4; lastKnownFileType = sourcecode.swift; path = Shot.swift; sourceTree = "<group>"; };
		031EB0681E7000C1004D6349 /* User.swift */ = {isa = PBXFileReference; fileEncoding = 4; lastKnownFileType = sourcecode.swift; path = User.swift; sourceTree = "<group>"; };
		031EB06A1E7001FF004D6349 /* DribbbleAPI.swift */ = {isa = PBXFileReference; fileEncoding = 4; lastKnownFileType = sourcecode.swift; path = DribbbleAPI.swift; sourceTree = "<group>"; };
		031EB0711E7005B4004D6349 /* Logger.swift */ = {isa = PBXFileReference; fileEncoding = 4; lastKnownFileType = sourcecode.swift; path = Logger.swift; sourceTree = "<group>"; };
		031EB0731E7006BD004D6349 /* Networking.swift */ = {isa = PBXFileReference; fileEncoding = 4; lastKnownFileType = sourcecode.swift; path = Networking.swift; sourceTree = "<group>"; };
		031EB0751E700814004D6349 /* UserService.swift */ = {isa = PBXFileReference; fileEncoding = 4; lastKnownFileType = sourcecode.swift; path = UserService.swift; sourceTree = "<group>"; };
		031EB0771E700912004D6349 /* ObjectMapper+Rx.swift */ = {isa = PBXFileReference; fileEncoding = 4; lastKnownFileType = sourcecode.swift; path = "ObjectMapper+Rx.swift"; sourceTree = "<group>"; };
		031EB0811E70624D004D6349 /* AuthPlugin.swift */ = {isa = PBXFileReference; fileEncoding = 4; lastKnownFileType = sourcecode.swift; path = AuthPlugin.swift; sourceTree = "<group>"; };
		035D06891E71A1F800AFF030 /* ShotService.swift */ = {isa = PBXFileReference; fileEncoding = 4; lastKnownFileType = sourcecode.swift; path = ShotService.swift; sourceTree = "<group>"; };
		035D068B1E71A40000AFF030 /* ShotTileCell.swift */ = {isa = PBXFileReference; fileEncoding = 4; lastKnownFileType = sourcecode.swift; path = ShotTileCell.swift; sourceTree = "<group>"; };
		035D068D1E71A48000AFF030 /* ShotCellReactor.swift */ = {isa = PBXFileReference; fileEncoding = 4; lastKnownFileType = sourcecode.swift; path = ShotCellReactor.swift; sourceTree = "<group>"; };
		035D068F1E71AD6100AFF030 /* ShotListViewSection.swift */ = {isa = PBXFileReference; fileEncoding = 4; lastKnownFileType = sourcecode.swift; path = ShotListViewSection.swift; sourceTree = "<group>"; };
		035D06911E71BBD700AFF030 /* UIScrollView+Rx.swift */ = {isa = PBXFileReference; fileEncoding = 4; lastKnownFileType = sourcecode.swift; path = "UIScrollView+Rx.swift"; sourceTree = "<group>"; };
		035D06931E71C00400AFF030 /* Observable+ActivityIndicator.swift */ = {isa = PBXFileReference; fileEncoding = 4; lastKnownFileType = sourcecode.swift; path = "Observable+ActivityIndicator.swift"; sourceTree = "<group>"; };
		035D06951E71C84700AFF030 /* RxOperators.swift */ = {isa = PBXFileReference; fileEncoding = 4; lastKnownFileType = sourcecode.swift; path = RxOperators.swift; sourceTree = "<group>"; };
		035D06991E71DC3000AFF030 /* List.swift */ = {isa = PBXFileReference; fileEncoding = 4; lastKnownFileType = sourcecode.swift; path = List.swift; sourceTree = "<group>"; };
		0365BB891E747D22009BA3F8 /* ShotViewTextCell.swift */ = {isa = PBXFileReference; fileEncoding = 4; lastKnownFileType = sourcecode.swift; path = ShotViewTextCell.swift; sourceTree = "<group>"; };
		0365BB8B1E747D91009BA3F8 /* ShotViewTextCellReactor.swift */ = {isa = PBXFileReference; fileEncoding = 4; lastKnownFileType = sourcecode.swift; path = ShotViewTextCellReactor.swift; sourceTree = "<group>"; };
		0365BB8D1E748246009BA3F8 /* NSAttributedString+HTMLString.swift */ = {isa = PBXFileReference; fileEncoding = 4; lastKnownFileType = sourcecode.swift; path = "NSAttributedString+HTMLString.swift"; sourceTree = "<group>"; };
		0365BB8F1E74846F009BA3F8 /* NSAttributedString+BoundingRect.swift */ = {isa = PBXFileReference; fileEncoding = 4; lastKnownFileType = sourcecode.swift; path = "NSAttributedString+BoundingRect.swift"; sourceTree = "<group>"; };
		0365BB911E753F5B009BA3F8 /* ShotViewReactionCell.swift */ = {isa = PBXFileReference; fileEncoding = 4; lastKnownFileType = sourcecode.swift; path = ShotViewReactionCell.swift; sourceTree = "<group>"; };
		0365BB931E753F5E009BA3F8 /* ShotViewReactionCellReactor.swift */ = {isa = PBXFileReference; fileEncoding = 4; lastKnownFileType = sourcecode.swift; path = ShotViewReactionCellReactor.swift; sourceTree = "<group>"; };
		0365BB951E754424009BA3F8 /* ExclusiveGestureRecognizerDelegate.swift */ = {isa = PBXFileReference; fileEncoding = 4; lastKnownFileType = sourcecode.swift; path = ExclusiveGestureRecognizerDelegate.swift; sourceTree = "<group>"; };
		0365BB971E754D9E009BA3F8 /* ShotViewReactionButtonView.swift */ = {isa = PBXFileReference; fileEncoding = 4; lastKnownFileType = sourcecode.swift; path = ShotViewReactionButtonView.swift; sourceTree = "<group>"; };
		0365BB991E754E72009BA3F8 /* ShotViewReactionButtonViewReactor.swift */ = {isa = PBXFileReference; fileEncoding = 4; lastKnownFileType = sourcecode.swift; path = ShotViewReactionButtonViewReactor.swift; sourceTree = "<group>"; };
		0365BB9B1E755309009BA3F8 /* ShotViewReactionLikeButtonViewReactor.swift */ = {isa = PBXFileReference; fileEncoding = 4; lastKnownFileType = sourcecode.swift; path = ShotViewReactionLikeButtonViewReactor.swift; sourceTree = "<group>"; };
		0365BB9D1E755320009BA3F8 /* ShotViewReactionCommentButtonViewReactor.swift */ = {isa = PBXFileReference; fileEncoding = 4; lastKnownFileType = sourcecode.swift; path = ShotViewReactionCommentButtonViewReactor.swift; sourceTree = "<group>"; };
		0365BB9F1E758BB4009BA3F8 /* ModelStream.swift */ = {isa = PBXFileReference; fileEncoding = 4; lastKnownFileType = sourcecode.swift; path = ModelStream.swift; sourceTree = "<group>"; };
		0377C5521E745BC200EE4576 /* ShotViewController.swift */ = {isa = PBXFileReference; fileEncoding = 4; lastKnownFileType = sourcecode.swift; path = ShotViewController.swift; sourceTree = "<group>"; };
		0377C5541E745BF000EE4576 /* ShotViewReactor.swift */ = {isa = PBXFileReference; fileEncoding = 4; lastKnownFileType = sourcecode.swift; path = ShotViewReactor.swift; sourceTree = "<group>"; };
		0377C5561E745CDB00EE4576 /* ShotViewSection.swift */ = {isa = PBXFileReference; fileEncoding = 4; lastKnownFileType = sourcecode.swift; path = ShotViewSection.swift; sourceTree = "<group>"; };
		0377C5581E745D8300EE4576 /* ShotViewImageCell.swift */ = {isa = PBXFileReference; fileEncoding = 4; lastKnownFileType = sourcecode.swift; path = ShotViewImageCell.swift; sourceTree = "<group>"; };
		0377C55A1E745E6D00EE4576 /* ShotViewImageCellReactor.swift */ = {isa = PBXFileReference; fileEncoding = 4; lastKnownFileType = sourcecode.swift; path = ShotViewImageCellReactor.swift; sourceTree = "<group>"; };
		0377C55C1E74680700EE4576 /* BorderedLayer.swift */ = {isa = PBXFileReference; fileEncoding = 4; lastKnownFileType = sourcecode.swift; path = BorderedLayer.swift; sourceTree = "<group>"; };
		0377C55E1E746ADE00EE4576 /* ShotViewTitleCell.swift */ = {isa = PBXFileReference; fileEncoding = 4; lastKnownFileType = sourcecode.swift; path = ShotViewTitleCell.swift; sourceTree = "<group>"; };
		0377C5601E746B5C00EE4576 /* ShotViewTitleCellReactor.swift */ = {isa = PBXFileReference; fileEncoding = 4; lastKnownFileType = sourcecode.swift; path = ShotViewTitleCellReactor.swift; sourceTree = "<group>"; };
		0377C5621E746E5200EE4576 /* UIEdgeInsets+Init.swift */ = {isa = PBXFileReference; fileEncoding = 4; lastKnownFileType = sourcecode.swift; path = "UIEdgeInsets+Init.swift"; sourceTree = "<group>"; };
		038B68F61E71ED90006B44F9 /* Paging.swift */ = {isa = PBXFileReference; fileEncoding = 4; lastKnownFileType = sourcecode.swift; path = Paging.swift; sourceTree = "<group>"; };
		038B68F81E71F338006B44F9 /* CollectionActivityIndicatorView.swift */ = {isa = PBXFileReference; fileEncoding = 4; lastKnownFileType = sourcecode.swift; path = CollectionActivityIndicatorView.swift; sourceTree = "<group>"; };
		038B68FA1E71F5D8006B44F9 /* UIColor+Dribbble.swift */ = {isa = PBXFileReference; fileEncoding = 4; lastKnownFileType = sourcecode.swift; path = "UIColor+Dribbble.swift"; sourceTree = "<group>"; };
		038B68FE1E72A399006B44F9 /* MainTabBarController.swift */ = {isa = PBXFileReference; fileEncoding = 4; lastKnownFileType = sourcecode.swift; path = MainTabBarController.swift; sourceTree = "<group>"; };
		038B69001E72A3BC006B44F9 /* MainTabBarViewReactor.swift */ = {isa = PBXFileReference; fileEncoding = 4; lastKnownFileType = sourcecode.swift; path = MainTabBarViewReactor.swift; sourceTree = "<group>"; };
		038B69021E72A466006B44F9 /* SettingsViewController.swift */ = {isa = PBXFileReference; fileEncoding = 4; lastKnownFileType = sourcecode.swift; path = SettingsViewController.swift; sourceTree = "<group>"; };
		038B69041E72A46D006B44F9 /* SettingsViewReactor.swift */ = {isa = PBXFileReference; fileEncoding = 4; lastKnownFileType = sourcecode.swift; path = SettingsViewReactor.swift; sourceTree = "<group>"; };
		038B69061E72A4CA006B44F9 /* SettingsViewSection.swift */ = {isa = PBXFileReference; fileEncoding = 4; lastKnownFileType = sourcecode.swift; path = SettingsViewSection.swift; sourceTree = "<group>"; };
		038B69081E72A67F006B44F9 /* SettingItemCell.swift */ = {isa = PBXFileReference; fileEncoding = 4; lastKnownFileType = sourcecode.swift; path = SettingItemCell.swift; sourceTree = "<group>"; };
		038B690A1E72A68B006B44F9 /* BaseTableViewCell.swift */ = {isa = PBXFileReference; fileEncoding = 4; lastKnownFileType = sourcecode.swift; path = BaseTableViewCell.swift; sourceTree = "<group>"; };
		038B690C1E72A752006B44F9 /* SettingItemCellReactor.swift */ = {isa = PBXFileReference; fileEncoding = 4; lastKnownFileType = sourcecode.swift; path = SettingItemCellReactor.swift; sourceTree = "<group>"; };
		038B690E1E73153E006B44F9 /* UITableView+Rx.swift */ = {isa = PBXFileReference; fileEncoding = 4; lastKnownFileType = sourcecode.swift; path = "UITableView+Rx.swift"; sourceTree = "<group>"; };
		038B69101E7318FE006B44F9 /* UICollectionView+Rx.swift */ = {isa = PBXFileReference; fileEncoding = 4; lastKnownFileType = sourcecode.swift; path = "UICollectionView+Rx.swift"; sourceTree = "<group>"; };
		03D996D11E8051FC004773AE /* Comment.swift */ = {isa = PBXFileReference; fileEncoding = 4; lastKnownFileType = sourcecode.swift; path = Comment.swift; sourceTree = "<group>"; };
		03D996D31E80535B004773AE /* ShotViewCommentCell.swift */ = {isa = PBXFileReference; fileEncoding = 4; lastKnownFileType = sourcecode.swift; path = ShotViewCommentCell.swift; sourceTree = "<group>"; };
		03D996D51E805392004773AE /* ShotViewCommentCellReactor.swift */ = {isa = PBXFileReference; fileEncoding = 4; lastKnownFileType = sourcecode.swift; path = ShotViewCommentCellReactor.swift; sourceTree = "<group>"; };
		03D996D71E805DB6004773AE /* CollectionActivityIndicatorCell.swift */ = {isa = PBXFileReference; fileEncoding = 4; lastKnownFileType = sourcecode.swift; path = CollectionActivityIndicatorCell.swift; sourceTree = "<group>"; };
		03DF94CA1E6EA54D00E31665 /* Drrrible.app */ = {isa = PBXFileReference; explicitFileType = wrapper.application; includeInIndex = 0; path = Drrrible.app; sourceTree = BUILT_PRODUCTS_DIR; };
		03DF94E11E6EA76A00E31665 /* Assets.xcassets */ = {isa = PBXFileReference; lastKnownFileType = folder.assetcatalog; path = Assets.xcassets; sourceTree = "<group>"; };
		03DF94E31E6EA76A00E31665 /* Base */ = {isa = PBXFileReference; lastKnownFileType = file.storyboard; name = Base; path = Base.lproj/LaunchScreen.storyboard; sourceTree = "<group>"; };
		03DF94E71E6EA76A00E31665 /* AppDelegate.swift */ = {isa = PBXFileReference; fileEncoding = 4; lastKnownFileType = sourcecode.swift; path = AppDelegate.swift; sourceTree = "<group>"; };
		03DF94EB1E6EA76A00E31665 /* Info.plist */ = {isa = PBXFileReference; fileEncoding = 4; lastKnownFileType = text.plist.xml; path = Info.plist; sourceTree = "<group>"; };
		03DF94F51E6EA7A300E31665 /* en */ = {isa = PBXFileReference; lastKnownFileType = text.plist.strings; name = en; path = en.lproj/Localizable.strings; sourceTree = "<group>"; };
		03DF94F71E6EA7AB00E31665 /* ko */ = {isa = PBXFileReference; lastKnownFileType = text.plist.strings; name = ko; path = ko.lproj/Localizable.strings; sourceTree = "<group>"; };
		03DF95021E6EAACF00E31665 /* UIViewController+Rx.swift */ = {isa = PBXFileReference; fileEncoding = 4; lastKnownFileType = sourcecode.swift; path = "UIViewController+Rx.swift"; sourceTree = "<group>"; };
		03DF95041E6EAADE00E31665 /* BaseService.swift */ = {isa = PBXFileReference; fileEncoding = 4; lastKnownFileType = sourcecode.swift; path = BaseService.swift; sourceTree = "<group>"; };
		03DF95051E6EAADE00E31665 /* ServiceProvider.swift */ = {isa = PBXFileReference; fileEncoding = 4; lastKnownFileType = sourcecode.swift; path = ServiceProvider.swift; sourceTree = "<group>"; };
		03DF95081E6EAB5000E31665 /* ModelType.swift */ = {isa = PBXFileReference; fileEncoding = 4; lastKnownFileType = sourcecode.swift; path = ModelType.swift; sourceTree = "<group>"; };
		03DF950A1E6EAB7900E31665 /* BaseViewController.swift */ = {isa = PBXFileReference; fileEncoding = 4; lastKnownFileType = sourcecode.swift; path = BaseViewController.swift; sourceTree = "<group>"; };
		03DF950C1E6EAB8E00E31665 /* Snap.swift */ = {isa = PBXFileReference; fileEncoding = 4; lastKnownFileType = sourcecode.swift; path = Snap.swift; sourceTree = "<group>"; };
		03DF950D1E6EAB8E00E31665 /* String+BoundingRect.swift */ = {isa = PBXFileReference; fileEncoding = 4; lastKnownFileType = sourcecode.swift; path = "String+BoundingRect.swift"; sourceTree = "<group>"; };
		03DF950E1E6EAB8E00E31665 /* String+Localized.swift */ = {isa = PBXFileReference; fileEncoding = 4; lastKnownFileType = sourcecode.swift; path = "String+Localized.swift"; sourceTree = "<group>"; };
		03DF950F1E6EAB8E00E31665 /* UICollectionView+CellWidth.swift */ = {isa = PBXFileReference; fileEncoding = 4; lastKnownFileType = sourcecode.swift; path = "UICollectionView+CellWidth.swift"; sourceTree = "<group>"; };
		03DF95101E6EAB8E00E31665 /* UIScrollView+ScrollToBottom.swift */ = {isa = PBXFileReference; fileEncoding = 4; lastKnownFileType = sourcecode.swift; path = "UIScrollView+ScrollToBottom.swift"; sourceTree = "<group>"; };
		03DF95161E6EABA800E31665 /* BaseCollectionViewCell.swift */ = {isa = PBXFileReference; fileEncoding = 4; lastKnownFileType = sourcecode.swift; path = BaseCollectionViewCell.swift; sourceTree = "<group>"; };
		03DF95181E6EB2D800E31665 /* LoginViewController.swift */ = {isa = PBXFileReference; fileEncoding = 4; lastKnownFileType = sourcecode.swift; path = LoginViewController.swift; sourceTree = "<group>"; };
		03DF951A1E6EB51700E31665 /* SplashViewController.swift */ = {isa = PBXFileReference; fileEncoding = 4; lastKnownFileType = sourcecode.swift; path = SplashViewController.swift; sourceTree = "<group>"; };
		03DF951C1E6EB56C00E31665 /* SplashViewReactor.swift */ = {isa = PBXFileReference; fileEncoding = 4; lastKnownFileType = sourcecode.swift; path = SplashViewReactor.swift; sourceTree = "<group>"; };
		03DF951E1E6EB7E200E31665 /* LoginViewReactor.swift */ = {isa = PBXFileReference; fileEncoding = 4; lastKnownFileType = sourcecode.swift; path = LoginViewReactor.swift; sourceTree = "<group>"; };
		03DF95201E6EB80700E31665 /* ShotListViewController.swift */ = {isa = PBXFileReference; fileEncoding = 4; lastKnownFileType = sourcecode.swift; path = ShotListViewController.swift; sourceTree = "<group>"; };
		03DF95221E6EB80B00E31665 /* ShotListViewReactor.swift */ = {isa = PBXFileReference; fileEncoding = 4; lastKnownFileType = sourcecode.swift; path = ShotListViewReactor.swift; sourceTree = "<group>"; };
		23868B34FAC632E09764E4A2 /* Pods_Drrrible.framework */ = {isa = PBXFileReference; explicitFileType = wrapper.framework; includeInIndex = 0; path = Pods_Drrrible.framework; sourceTree = BUILT_PRODUCTS_DIR; };
		245DA1CCFC8FA1E547422133 /* Pods-Drrrible.release.xcconfig */ = {isa = PBXFileReference; includeInIndex = 1; lastKnownFileType = text.xcconfig; name = "Pods-Drrrible.release.xcconfig"; path = "Pods/Target Support Files/Pods-Drrrible/Pods-Drrrible.release.xcconfig"; sourceTree = "<group>"; };
		CE2B72EA560A954FCA7B57A4 /* Pods_Drrrible.framework */ = {isa = PBXFileReference; explicitFileType = wrapper.framework; includeInIndex = 0; path = Pods_Drrrible.framework; sourceTree = BUILT_PRODUCTS_DIR; };
		D1C26B69DF4A8650DD5E1E2F /* Pods-Drrrible.debug.xcconfig */ = {isa = PBXFileReference; includeInIndex = 1; lastKnownFileType = text.xcconfig; name = "Pods-Drrrible.debug.xcconfig"; path = "Pods/Target Support Files/Pods-Drrrible/Pods-Drrrible.debug.xcconfig"; sourceTree = "<group>"; };
/* End PBXFileReference section */

/* Begin PBXFrameworksBuildPhase section */
		03DF94C71E6EA54D00E31665 /* Frameworks */ = {
			isa = PBXFrameworksBuildPhase;
			buildActionMask = 2147483647;
			files = (
				6DDB34252C101AA23C62E243 /* Pods_Drrrible.framework in Frameworks */,
				D5FDD5E79F8CD8235CDB2098 /* Pods_Drrrible.framework in Frameworks */,
			);
			runOnlyForDeploymentPostprocessing = 0;
		};
/* End PBXFrameworksBuildPhase section */

/* Begin PBXGroup section */
		031EB0701E7005B4004D6349 /* Logging */ = {
			isa = PBXGroup;
			children = (
				031EB0711E7005B4004D6349 /* Logger.swift */,
			);
			path = Logging;
			sourceTree = "<group>";
		};
		031EB0801E706248004D6349 /* Plugins */ = {
			isa = PBXGroup;
			children = (
				031EB0811E70624D004D6349 /* AuthPlugin.swift */,
			);
			path = Plugins;
			sourceTree = "<group>";
		};
		038B68F51E71ED31006B44F9 /* Types */ = {
			isa = PBXGroup;
			children = (
				038B68F61E71ED90006B44F9 /* Paging.swift */,
			);
			path = Types;
			sourceTree = "<group>";
		};
		03DF94C11E6EA54D00E31665 = {
			isa = PBXGroup;
			children = (
				03DF94DF1E6EA76A00E31665 /* Drrrible */,
				03DF94CB1E6EA54D00E31665 /* Products */,
				53955C0C767CCBF3D51F88B9 /* Pods */,
				927BA4FE51A39EF3C1A224CA /* Frameworks */,
			);
			sourceTree = "<group>";
		};
		03DF94CB1E6EA54D00E31665 /* Products */ = {
			isa = PBXGroup;
			children = (
				03DF94CA1E6EA54D00E31665 /* Drrrible.app */,
			);
			name = Products;
			sourceTree = "<group>";
		};
		03DF94DF1E6EA76A00E31665 /* Drrrible */ = {
			isa = PBXGroup;
			children = (
				03DF94E61E6EA76A00E31665 /* Sources */,
				03DF94E01E6EA76A00E31665 /* Resources */,
				03DF94EA1E6EA76A00E31665 /* Supporting Files */,
			);
			path = Drrrible;
			sourceTree = "<group>";
		};
		03DF94E01E6EA76A00E31665 /* Resources */ = {
			isa = PBXGroup;
			children = (
				03DF94E11E6EA76A00E31665 /* Assets.xcassets */,
				03DF94E21E6EA76A00E31665 /* LaunchScreen.storyboard */,
				03DF94F61E6EA7A300E31665 /* Localizable.strings */,
			);
			path = Resources;
			sourceTree = "<group>";
		};
		03DF94E61E6EA76A00E31665 /* Sources */ = {
			isa = PBXGroup;
			children = (
				03DF94E71E6EA76A00E31665 /* AppDelegate.swift */,
				03DF94F91E6EA80A00E31665 /* Networking */,
				03DF94FC1E6EA80A00E31665 /* Services */,
				038B68F51E71ED31006B44F9 /* Types */,
				03DF94F81E6EA80A00E31665 /* Models */,
				03DF94FB1E6EA80A00E31665 /* Sections */,
				03DF94FE1E6EA80A00E31665 /* ViewControllers */,
				03DF95001E6EA80A00E31665 /* Views */,
				03DF94FA1E6EA80A00E31665 /* Rx */,
				031EB0701E7005B4004D6349 /* Logging */,
				03DF94FD1E6EA80A00E31665 /* Utils */,
			);
			path = Sources;
			sourceTree = "<group>";
		};
		03DF94EA1E6EA76A00E31665 /* Supporting Files */ = {
			isa = PBXGroup;
			children = (
				03DF94EB1E6EA76A00E31665 /* Info.plist */,
			);
			path = "Supporting Files";
			sourceTree = "<group>";
		};
		03DF94F81E6EA80A00E31665 /* Models */ = {
			isa = PBXGroup;
			children = (
				03DF95081E6EAB5000E31665 /* ModelType.swift */,
				0365BB9F1E758BB4009BA3F8 /* ModelStream.swift */,
				035D06991E71DC3000AFF030 /* List.swift */,
				031EB0621E6FF7A9004D6349 /* AccessToken.swift */,
				031EB0661E6FFDE3004D6349 /* Shot.swift */,
				03D996D11E8051FC004773AE /* Comment.swift */,
				031EB0681E7000C1004D6349 /* User.swift */,
			);
			path = Models;
			sourceTree = "<group>";
		};
		03DF94F91E6EA80A00E31665 /* Networking */ = {
			isa = PBXGroup;
			children = (
				031EB0731E7006BD004D6349 /* Networking.swift */,
				031EB06A1E7001FF004D6349 /* DribbbleAPI.swift */,
				031EB0801E706248004D6349 /* Plugins */,
			);
			path = Networking;
			sourceTree = "<group>";
		};
		03DF94FA1E6EA80A00E31665 /* Rx */ = {
			isa = PBXGroup;
			children = (
				031EB0771E700912004D6349 /* ObjectMapper+Rx.swift */,
				03DF95021E6EAACF00E31665 /* UIViewController+Rx.swift */,
				035D06911E71BBD700AFF030 /* UIScrollView+Rx.swift */,
				038B690E1E73153E006B44F9 /* UITableView+Rx.swift */,
				038B69101E7318FE006B44F9 /* UICollectionView+Rx.swift */,
				035D06931E71C00400AFF030 /* Observable+ActivityIndicator.swift */,
				035D06951E71C84700AFF030 /* RxOperators.swift */,
			);
			path = Rx;
			sourceTree = "<group>";
		};
		03DF94FB1E6EA80A00E31665 /* Sections */ = {
			isa = PBXGroup;
			children = (
				035D068F1E71AD6100AFF030 /* ShotListViewSection.swift */,
				0377C5561E745CDB00EE4576 /* ShotViewSection.swift */,
				038B69061E72A4CA006B44F9 /* SettingsViewSection.swift */,
			);
			path = Sections;
			sourceTree = "<group>";
		};
		03DF94FC1E6EA80A00E31665 /* Services */ = {
			isa = PBXGroup;
			children = (
				03DF95041E6EAADE00E31665 /* BaseService.swift */,
				03DF95051E6EAADE00E31665 /* ServiceProvider.swift */,
				031EB05A1E6FEFE7004D6349 /* AuthService.swift */,
				031EB0751E700814004D6349 /* UserService.swift */,
				035D06891E71A1F800AFF030 /* ShotService.swift */,
			);
			path = Services;
			sourceTree = "<group>";
		};
		03DF94FD1E6EA80A00E31665 /* Utils */ = {
			isa = PBXGroup;
			children = (
				03DF950C1E6EAB8E00E31665 /* Snap.swift */,
				03DF950D1E6EAB8E00E31665 /* String+BoundingRect.swift */,
				03DF950E1E6EAB8E00E31665 /* String+Localized.swift */,
				0365BB8F1E74846F009BA3F8 /* NSAttributedString+BoundingRect.swift */,
				0365BB8D1E748246009BA3F8 /* NSAttributedString+HTMLString.swift */,
				03DF950F1E6EAB8E00E31665 /* UICollectionView+CellWidth.swift */,
				03DF95101E6EAB8E00E31665 /* UIScrollView+ScrollToBottom.swift */,
				031EB0581E6FED65004D6349 /* URLNavigationMap.swift */,
				038B68FA1E71F5D8006B44F9 /* UIColor+Dribbble.swift */,
				0377C5621E746E5200EE4576 /* UIEdgeInsets+Init.swift */,
				0365BB951E754424009BA3F8 /* ExclusiveGestureRecognizerDelegate.swift */,
			);
			path = Utils;
			sourceTree = "<group>";
		};
		03DF94FE1E6EA80A00E31665 /* ViewControllers */ = {
			isa = PBXGroup;
			children = (
				03DF950A1E6EAB7900E31665 /* BaseViewController.swift */,
				03DF951A1E6EB51700E31665 /* SplashViewController.swift */,
				03DF951C1E6EB56C00E31665 /* SplashViewReactor.swift */,
				03DF95181E6EB2D800E31665 /* LoginViewController.swift */,
				03DF951E1E6EB7E200E31665 /* LoginViewReactor.swift */,
				038B68FE1E72A399006B44F9 /* MainTabBarController.swift */,
				038B69001E72A3BC006B44F9 /* MainTabBarViewReactor.swift */,
				03DF95201E6EB80700E31665 /* ShotListViewController.swift */,
				03DF95221E6EB80B00E31665 /* ShotListViewReactor.swift */,
				0377C5521E745BC200EE4576 /* ShotViewController.swift */,
				0377C5541E745BF000EE4576 /* ShotViewReactor.swift */,
				038B69021E72A466006B44F9 /* SettingsViewController.swift */,
				038B69041E72A46D006B44F9 /* SettingsViewReactor.swift */,
			);
			path = ViewControllers;
			sourceTree = "<group>";
		};
		03DF95001E6EA80A00E31665 /* Views */ = {
			isa = PBXGroup;
			children = (
				03DF95161E6EABA800E31665 /* BaseCollectionViewCell.swift */,
				038B690A1E72A68B006B44F9 /* BaseTableViewCell.swift */,
				0377C55C1E74680700EE4576 /* BorderedLayer.swift */,
				038B68F81E71F338006B44F9 /* CollectionActivityIndicatorView.swift */,
				03D996D71E805DB6004773AE /* CollectionActivityIndicatorCell.swift */,
				035D068B1E71A40000AFF030 /* ShotTileCell.swift */,
				035D068D1E71A48000AFF030 /* ShotCellReactor.swift */,
				0377C5581E745D8300EE4576 /* ShotViewImageCell.swift */,
				0377C55A1E745E6D00EE4576 /* ShotViewImageCellReactor.swift */,
				0377C55E1E746ADE00EE4576 /* ShotViewTitleCell.swift */,
				0377C5601E746B5C00EE4576 /* ShotViewTitleCellReactor.swift */,
				0365BB891E747D22009BA3F8 /* ShotViewTextCell.swift */,
				0365BB8B1E747D91009BA3F8 /* ShotViewTextCellReactor.swift */,
				0365BB911E753F5B009BA3F8 /* ShotViewReactionCell.swift */,
				0365BB931E753F5E009BA3F8 /* ShotViewReactionCellReactor.swift */,
				0365BB971E754D9E009BA3F8 /* ShotViewReactionButtonView.swift */,
				0365BB991E754E72009BA3F8 /* ShotViewReactionButtonViewReactor.swift */,
				0365BB9B1E755309009BA3F8 /* ShotViewReactionLikeButtonViewReactor.swift */,
				0365BB9D1E755320009BA3F8 /* ShotViewReactionCommentButtonViewReactor.swift */,
				03D996D31E80535B004773AE /* ShotViewCommentCell.swift */,
				03D996D51E805392004773AE /* ShotViewCommentCellReactor.swift */,
				038B69081E72A67F006B44F9 /* SettingItemCell.swift */,
				038B690C1E72A752006B44F9 /* SettingItemCellReactor.swift */,
			);
			path = Views;
			sourceTree = "<group>";
		};
		53955C0C767CCBF3D51F88B9 /* Pods */ = {
			isa = PBXGroup;
			children = (
				D1C26B69DF4A8650DD5E1E2F /* Pods-Drrrible.debug.xcconfig */,
				245DA1CCFC8FA1E547422133 /* Pods-Drrrible.release.xcconfig */,
			);
			name = Pods;
			sourceTree = "<group>";
		};
		927BA4FE51A39EF3C1A224CA /* Frameworks */ = {
			isa = PBXGroup;
			children = (
				23868B34FAC632E09764E4A2 /* Pods_Drrrible.framework */,
				CE2B72EA560A954FCA7B57A4 /* Pods_Drrrible.framework */,
			);
			name = Frameworks;
			sourceTree = "<group>";
		};
/* End PBXGroup section */

/* Begin PBXNativeTarget section */
		03DF94C91E6EA54D00E31665 /* Drrrible */ = {
			isa = PBXNativeTarget;
			buildConfigurationList = 03DF94DC1E6EA54D00E31665 /* Build configuration list for PBXNativeTarget "Drrrible" */;
			buildPhases = (
				D7B696ECA7B72544DA711BD4 /* [CP] Check Pods Manifest.lock */,
				03DF94C61E6EA54D00E31665 /* Sources */,
				03DF94C71E6EA54D00E31665 /* Frameworks */,
				038B69121E7321E7006B44F9 /* Carte Pre */,
				03DF94C81E6EA54D00E31665 /* Resources */,
				0364963B1E73220600C79C1E /* Carte Post */,
				22D88F27EEA1488FE0A33A70 /* [CP] Embed Pods Frameworks */,
				CAC506AC26A6FC4184CFBCC7 /* [CP] Copy Pods Resources */,
			);
			buildRules = (
			);
			dependencies = (
			);
			name = Drrrible;
			productName = Drrrible;
			productReference = 03DF94CA1E6EA54D00E31665 /* Drrrible.app */;
			productType = "com.apple.product-type.application";
		};
/* End PBXNativeTarget section */

/* Begin PBXProject section */
		03DF94C21E6EA54D00E31665 /* Project object */ = {
			isa = PBXProject;
			attributes = {
				LastSwiftUpdateCheck = 0820;
				LastUpgradeCheck = 0820;
				ORGANIZATIONNAME = "Suyeol Jeon";
				TargetAttributes = {
					03DF94C91E6EA54D00E31665 = {
						CreatedOnToolsVersion = 8.2.1;
						DevelopmentTeam = N2C267LBVY;
						ProvisioningStyle = Automatic;
					};
				};
			};
			buildConfigurationList = 03DF94C51E6EA54D00E31665 /* Build configuration list for PBXProject "Drrrible" */;
			compatibilityVersion = "Xcode 3.2";
			developmentRegion = English;
			hasScannedForEncodings = 0;
			knownRegions = (
				en,
				Base,
				ko,
			);
			mainGroup = 03DF94C11E6EA54D00E31665;
			productRefGroup = 03DF94CB1E6EA54D00E31665 /* Products */;
			projectDirPath = "";
			projectRoot = "";
			targets = (
				03DF94C91E6EA54D00E31665 /* Drrrible */,
			);
		};
/* End PBXProject section */

/* Begin PBXResourcesBuildPhase section */
		03DF94C81E6EA54D00E31665 /* Resources */ = {
			isa = PBXResourcesBuildPhase;
			buildActionMask = 2147483647;
			files = (
				03DF94F41E6EA7A300E31665 /* Localizable.strings in Resources */,
				03DF94EC1E6EA76A00E31665 /* Assets.xcassets in Resources */,
				03DF94ED1E6EA76A00E31665 /* LaunchScreen.storyboard in Resources */,
			);
			runOnlyForDeploymentPostprocessing = 0;
		};
/* End PBXResourcesBuildPhase section */

/* Begin PBXShellScriptBuildPhase section */
		0364963B1E73220600C79C1E /* Carte Post */ = {
			isa = PBXShellScriptBuildPhase;
			buildActionMask = 2147483647;
			files = (
			);
			inputPaths = (
			);
			name = "Carte Post";
			outputPaths = (
			);
			runOnlyForDeploymentPostprocessing = 0;
			shellPath = /bin/sh;
			shellScript = "ruby ${SRCROOT}/Pods/Carte/Carte/carte.rb post";
		};
		038B69121E7321E7006B44F9 /* Carte Pre */ = {
			isa = PBXShellScriptBuildPhase;
			buildActionMask = 2147483647;
			files = (
			);
			inputPaths = (
			);
			name = "Carte Pre";
			outputPaths = (
			);
			runOnlyForDeploymentPostprocessing = 0;
			shellPath = /bin/sh;
			shellScript = "ruby ${SRCROOT}/Pods/Carte/Carte/carte.rb pre";
		};
		22D88F27EEA1488FE0A33A70 /* [CP] Embed Pods Frameworks */ = {
			isa = PBXShellScriptBuildPhase;
			buildActionMask = 2147483647;
			files = (
			);
			inputPaths = (
			);
			name = "[CP] Embed Pods Frameworks";
			outputPaths = (
			);
			runOnlyForDeploymentPostprocessing = 0;
			shellPath = /bin/sh;
			shellScript = "\"${SRCROOT}/Pods/Target Support Files/Pods-Drrrible/Pods-Drrrible-frameworks.sh\"\n";
			showEnvVarsInLog = 0;
		};
		CAC506AC26A6FC4184CFBCC7 /* [CP] Copy Pods Resources */ = {
			isa = PBXShellScriptBuildPhase;
			buildActionMask = 2147483647;
			files = (
			);
			inputPaths = (
			);
			name = "[CP] Copy Pods Resources";
			outputPaths = (
			);
			runOnlyForDeploymentPostprocessing = 0;
			shellPath = /bin/sh;
			shellScript = "\"${SRCROOT}/Pods/Target Support Files/Pods-Drrrible/Pods-Drrrible-resources.sh\"\n";
			showEnvVarsInLog = 0;
		};
		D7B696ECA7B72544DA711BD4 /* [CP] Check Pods Manifest.lock */ = {
			isa = PBXShellScriptBuildPhase;
			buildActionMask = 2147483647;
			files = (
			);
			inputPaths = (
			);
			name = "[CP] Check Pods Manifest.lock";
			outputPaths = (
			);
			runOnlyForDeploymentPostprocessing = 0;
			shellPath = /bin/sh;
			shellScript = "diff \"${PODS_ROOT}/../Podfile.lock\" \"${PODS_ROOT}/Manifest.lock\" > /dev/null\nif [ $? != 0 ] ; then\n    # print error to STDERR\n    echo \"error: The sandbox is not in sync with the Podfile.lock. Run 'pod install' or update your CocoaPods installation.\" >&2\n    exit 1\nfi\n";
			showEnvVarsInLog = 0;
		};
/* End PBXShellScriptBuildPhase section */

/* Begin PBXSourcesBuildPhase section */
		03DF94C61E6EA54D00E31665 /* Sources */ = {
			isa = PBXSourcesBuildPhase;
			buildActionMask = 2147483647;
			files = (
				03DF951D1E6EB56C00E31665 /* SplashViewReactor.swift in Sources */,
				0365BB8C1E747D91009BA3F8 /* ShotViewTextCellReactor.swift in Sources */,
				038B690F1E73153E006B44F9 /* UITableView+Rx.swift in Sources */,
				031EB0781E700912004D6349 /* ObjectMapper+Rx.swift in Sources */,
				0377C5571E745CDB00EE4576 /* ShotViewSection.swift in Sources */,
				035D068C1E71A40000AFF030 /* ShotTileCell.swift in Sources */,
				0365BB9A1E754E72009BA3F8 /* ShotViewReactionButtonViewReactor.swift in Sources */,
				0365BB9C1E755309009BA3F8 /* ShotViewReactionLikeButtonViewReactor.swift in Sources */,
				0377C5591E745D8300EE4576 /* ShotViewImageCell.swift in Sources */,
				03DF95131E6EAB8E00E31665 /* String+Localized.swift in Sources */,
				035D068A1E71A1F800AFF030 /* ShotService.swift in Sources */,
				038B69091E72A67F006B44F9 /* SettingItemCell.swift in Sources */,
				031EB0761E700814004D6349 /* UserService.swift in Sources */,
				035D06901E71AD6100AFF030 /* ShotListViewSection.swift in Sources */,
				031EB0591E6FED65004D6349 /* URLNavigationMap.swift in Sources */,
				031EB0741E7006BD004D6349 /* Networking.swift in Sources */,
				035D06921E71BBD700AFF030 /* UIScrollView+Rx.swift in Sources */,
				038B69071E72A4CA006B44F9 /* SettingsViewSection.swift in Sources */,
				031EB0821E70624D004D6349 /* AuthPlugin.swift in Sources */,
				03DF95061E6EAADE00E31665 /* BaseService.swift in Sources */,
				03DF95211E6EB80700E31665 /* ShotListViewController.swift in Sources */,
				0377C5611E746B5C00EE4576 /* ShotViewTitleCellReactor.swift in Sources */,
				03D996D81E805DB6004773AE /* CollectionActivityIndicatorCell.swift in Sources */,
				035D06961E71C84700AFF030 /* RxOperators.swift in Sources */,
				03DF95141E6EAB8E00E31665 /* UICollectionView+CellWidth.swift in Sources */,
				03DF951F1E6EB7E200E31665 /* LoginViewReactor.swift in Sources */,
				038B68F71E71ED90006B44F9 /* Paging.swift in Sources */,
				0365BB8A1E747D22009BA3F8 /* ShotViewTextCell.swift in Sources */,
				038B690D1E72A752006B44F9 /* SettingItemCellReactor.swift in Sources */,
				031EB0671E6FFDE3004D6349 /* Shot.swift in Sources */,
				0365BBA01E758BB4009BA3F8 /* ModelStream.swift in Sources */,
				031EB05B1E6FEFE7004D6349 /* AuthService.swift in Sources */,
				038B69051E72A46D006B44F9 /* SettingsViewReactor.swift in Sources */,
				035D068E1E71A48000AFF030 /* ShotCellReactor.swift in Sources */,
				0365BB941E753F5E009BA3F8 /* ShotViewReactionCellReactor.swift in Sources */,
				038B68F91E71F338006B44F9 /* CollectionActivityIndicatorView.swift in Sources */,
				031EB0721E7005B4004D6349 /* Logger.swift in Sources */,
				0377C5531E745BC200EE4576 /* ShotViewController.swift in Sources */,
				0365BB901E74846F009BA3F8 /* NSAttributedString+BoundingRect.swift in Sources */,
				03DF95151E6EAB8E00E31665 /* UIScrollView+ScrollToBottom.swift in Sources */,
				0365BB921E753F5B009BA3F8 /* ShotViewReactionCell.swift in Sources */,
				038B68FB1E71F5D8006B44F9 /* UIColor+Dribbble.swift in Sources */,
				035D06941E71C00400AFF030 /* Observable+ActivityIndicator.swift in Sources */,
				03DF95091E6EAB5000E31665 /* ModelType.swift in Sources */,
				03D996D21E8051FC004773AE /* Comment.swift in Sources */,
				0377C55B1E745E6D00EE4576 /* ShotViewImageCellReactor.swift in Sources */,
				03DF951B1E6EB51700E31665 /* SplashViewController.swift in Sources */,
				03DF95171E6EABA800E31665 /* BaseCollectionViewCell.swift in Sources */,
				03DF95121E6EAB8E00E31665 /* String+BoundingRect.swift in Sources */,
				0377C55F1E746ADE00EE4576 /* ShotViewTitleCell.swift in Sources */,
				03DF95071E6EAADE00E31665 /* ServiceProvider.swift in Sources */,
				031EB0631E6FF7A9004D6349 /* AccessToken.swift in Sources */,
				03D996D41E80535B004773AE /* ShotViewCommentCell.swift in Sources */,
				038B68FF1E72A399006B44F9 /* MainTabBarController.swift in Sources */,
				03DF95031E6EAACF00E31665 /* UIViewController+Rx.swift in Sources */,
				03D996D61E805392004773AE /* ShotViewCommentCellReactor.swift in Sources */,
				0377C55D1E74680700EE4576 /* BorderedLayer.swift in Sources */,
				0377C5631E746E5300EE4576 /* UIEdgeInsets+Init.swift in Sources */,
				038B69031E72A466006B44F9 /* SettingsViewController.swift in Sources */,
				0365BB8E1E748246009BA3F8 /* NSAttributedString+HTMLString.swift in Sources */,
				038B69011E72A3BC006B44F9 /* MainTabBarViewReactor.swift in Sources */,
				0365BB9E1E755320009BA3F8 /* ShotViewReactionCommentButtonViewReactor.swift in Sources */,
				03DF95111E6EAB8E00E31665 /* Snap.swift in Sources */,
				0365BB961E754424009BA3F8 /* ExclusiveGestureRecognizerDelegate.swift in Sources */,
				0365BB981E754D9E009BA3F8 /* ShotViewReactionButtonView.swift in Sources */,
				03DF95231E6EB80B00E31665 /* ShotListViewReactor.swift in Sources */,
				038B69111E7318FE006B44F9 /* UICollectionView+Rx.swift in Sources */,
				03DF950B1E6EAB7900E31665 /* BaseViewController.swift in Sources */,
				038B690B1E72A68B006B44F9 /* BaseTableViewCell.swift in Sources */,
				031EB06B1E7001FF004D6349 /* DribbbleAPI.swift in Sources */,
				03DF95191E6EB2D800E31665 /* LoginViewController.swift in Sources */,
				0377C5551E745BF000EE4576 /* ShotViewReactor.swift in Sources */,
				03DF94EF1E6EA76A00E31665 /* AppDelegate.swift in Sources */,
				031EB0691E7000C1004D6349 /* User.swift in Sources */,
				035D069A1E71DC3000AFF030 /* List.swift in Sources */,
			);
			runOnlyForDeploymentPostprocessing = 0;
		};
/* End PBXSourcesBuildPhase section */

/* Begin PBXVariantGroup section */
		03DF94E21E6EA76A00E31665 /* LaunchScreen.storyboard */ = {
			isa = PBXVariantGroup;
			children = (
				03DF94E31E6EA76A00E31665 /* Base */,
			);
			name = LaunchScreen.storyboard;
			sourceTree = "<group>";
		};
		03DF94F61E6EA7A300E31665 /* Localizable.strings */ = {
			isa = PBXVariantGroup;
			children = (
				03DF94F51E6EA7A300E31665 /* en */,
				03DF94F71E6EA7AB00E31665 /* ko */,
			);
			name = Localizable.strings;
			sourceTree = "<group>";
		};
/* End PBXVariantGroup section */

/* Begin XCBuildConfiguration section */
		03DF94DA1E6EA54D00E31665 /* Debug */ = {
			isa = XCBuildConfiguration;
			buildSettings = {
				ALWAYS_SEARCH_USER_PATHS = NO;
				CLANG_ANALYZER_LOCALIZABILITY_NONLOCALIZED = YES;
				CLANG_ANALYZER_NONNULL = YES;
				CLANG_CXX_LANGUAGE_STANDARD = "gnu++0x";
				CLANG_CXX_LIBRARY = "libc++";
				CLANG_ENABLE_MODULES = YES;
				CLANG_ENABLE_OBJC_ARC = YES;
				CLANG_WARN_BOOL_CONVERSION = YES;
				CLANG_WARN_CONSTANT_CONVERSION = YES;
				CLANG_WARN_DIRECT_OBJC_ISA_USAGE = YES_ERROR;
				CLANG_WARN_DOCUMENTATION_COMMENTS = YES;
				CLANG_WARN_EMPTY_BODY = YES;
				CLANG_WARN_ENUM_CONVERSION = YES;
				CLANG_WARN_INFINITE_RECURSION = YES;
				CLANG_WARN_INT_CONVERSION = YES;
				CLANG_WARN_OBJC_ROOT_CLASS = YES_ERROR;
				CLANG_WARN_SUSPICIOUS_MOVE = YES;
				CLANG_WARN_UNREACHABLE_CODE = YES;
				CLANG_WARN__DUPLICATE_METHOD_MATCH = YES;
				"CODE_SIGN_IDENTITY[sdk=iphoneos*]" = "iPhone Developer";
				COPY_PHASE_STRIP = NO;
				DEBUG_INFORMATION_FORMAT = dwarf;
				ENABLE_STRICT_OBJC_MSGSEND = YES;
				ENABLE_TESTABILITY = YES;
				GCC_C_LANGUAGE_STANDARD = gnu99;
				GCC_DYNAMIC_NO_PIC = NO;
				GCC_NO_COMMON_BLOCKS = YES;
				GCC_OPTIMIZATION_LEVEL = 0;
				GCC_PREPROCESSOR_DEFINITIONS = (
					"DEBUG=1",
					"$(inherited)",
				);
				GCC_WARN_64_TO_32_BIT_CONVERSION = YES;
				GCC_WARN_ABOUT_RETURN_TYPE = YES_ERROR;
				GCC_WARN_UNDECLARED_SELECTOR = YES;
				GCC_WARN_UNINITIALIZED_AUTOS = YES_AGGRESSIVE;
				GCC_WARN_UNUSED_FUNCTION = YES;
				GCC_WARN_UNUSED_VARIABLE = YES;
				IPHONEOS_DEPLOYMENT_TARGET = 9.0;
				MTL_ENABLE_DEBUG_INFO = YES;
				ONLY_ACTIVE_ARCH = YES;
				SDKROOT = iphoneos;
				SWIFT_ACTIVE_COMPILATION_CONDITIONS = DEBUG;
				SWIFT_OPTIMIZATION_LEVEL = "-Onone";
			};
			name = Debug;
		};
		03DF94DB1E6EA54D00E31665 /* Release */ = {
			isa = XCBuildConfiguration;
			buildSettings = {
				ALWAYS_SEARCH_USER_PATHS = NO;
				CLANG_ANALYZER_LOCALIZABILITY_NONLOCALIZED = YES;
				CLANG_ANALYZER_NONNULL = YES;
				CLANG_CXX_LANGUAGE_STANDARD = "gnu++0x";
				CLANG_CXX_LIBRARY = "libc++";
				CLANG_ENABLE_MODULES = YES;
				CLANG_ENABLE_OBJC_ARC = YES;
				CLANG_WARN_BOOL_CONVERSION = YES;
				CLANG_WARN_CONSTANT_CONVERSION = YES;
				CLANG_WARN_DIRECT_OBJC_ISA_USAGE = YES_ERROR;
				CLANG_WARN_DOCUMENTATION_COMMENTS = YES;
				CLANG_WARN_EMPTY_BODY = YES;
				CLANG_WARN_ENUM_CONVERSION = YES;
				CLANG_WARN_INFINITE_RECURSION = YES;
				CLANG_WARN_INT_CONVERSION = YES;
				CLANG_WARN_OBJC_ROOT_CLASS = YES_ERROR;
				CLANG_WARN_SUSPICIOUS_MOVE = YES;
				CLANG_WARN_UNREACHABLE_CODE = YES;
				CLANG_WARN__DUPLICATE_METHOD_MATCH = YES;
				"CODE_SIGN_IDENTITY[sdk=iphoneos*]" = "iPhone Developer";
				COPY_PHASE_STRIP = NO;
				DEBUG_INFORMATION_FORMAT = "dwarf-with-dsym";
				ENABLE_NS_ASSERTIONS = NO;
				ENABLE_STRICT_OBJC_MSGSEND = YES;
				GCC_C_LANGUAGE_STANDARD = gnu99;
				GCC_NO_COMMON_BLOCKS = YES;
				GCC_WARN_64_TO_32_BIT_CONVERSION = YES;
				GCC_WARN_ABOUT_RETURN_TYPE = YES_ERROR;
				GCC_WARN_UNDECLARED_SELECTOR = YES;
				GCC_WARN_UNINITIALIZED_AUTOS = YES_AGGRESSIVE;
				GCC_WARN_UNUSED_FUNCTION = YES;
				GCC_WARN_UNUSED_VARIABLE = YES;
				IPHONEOS_DEPLOYMENT_TARGET = 9.0;
				MTL_ENABLE_DEBUG_INFO = NO;
				SDKROOT = iphoneos;
				SWIFT_OPTIMIZATION_LEVEL = "-Owholemodule";
				VALIDATE_PRODUCT = YES;
			};
			name = Release;
		};
		03DF94DD1E6EA54D00E31665 /* Debug */ = {
			isa = XCBuildConfiguration;
			baseConfigurationReference = D1C26B69DF4A8650DD5E1E2F /* Pods-Drrrible.debug.xcconfig */;
			buildSettings = {
				ASSETCATALOG_COMPILER_APPICON_NAME = AppIcon;
				DEVELOPMENT_TEAM = N2C267LBVY;
				INFOPLIST_FILE = "$(SRCROOT)/Drrrible/Supporting Files/Info.plist";
				LD_RUNPATH_SEARCH_PATHS = "$(inherited) @executable_path/Frameworks";
				PRODUCT_BUNDLE_IDENTIFIER = kr.xoul.Drrrible;
				PRODUCT_NAME = "$(TARGET_NAME)";
				SWIFT_VERSION = 3.0;
			};
			name = Debug;
		};
		03DF94DE1E6EA54D00E31665 /* Release */ = {
			isa = XCBuildConfiguration;
			baseConfigurationReference = 245DA1CCFC8FA1E547422133 /* Pods-Drrrible.release.xcconfig */;
			buildSettings = {
				ASSETCATALOG_COMPILER_APPICON_NAME = AppIcon;
				DEVELOPMENT_TEAM = N2C267LBVY;
				INFOPLIST_FILE = "$(SRCROOT)/Drrrible/Supporting Files/Info.plist";
				LD_RUNPATH_SEARCH_PATHS = "$(inherited) @executable_path/Frameworks";
				PRODUCT_BUNDLE_IDENTIFIER = kr.xoul.Drrrible;
				PRODUCT_NAME = "$(TARGET_NAME)";
				SWIFT_VERSION = 3.0;
			};
			name = Release;
		};
/* End XCBuildConfiguration section */

/* Begin XCConfigurationList section */
		03DF94C51E6EA54D00E31665 /* Build configuration list for PBXProject "Drrrible" */ = {
			isa = XCConfigurationList;
			buildConfigurations = (
				03DF94DA1E6EA54D00E31665 /* Debug */,
				03DF94DB1E6EA54D00E31665 /* Release */,
			);
			defaultConfigurationIsVisible = 0;
			defaultConfigurationName = Release;
		};
		03DF94DC1E6EA54D00E31665 /* Build configuration list for PBXNativeTarget "Drrrible" */ = {
			isa = XCConfigurationList;
			buildConfigurations = (
				03DF94DD1E6EA54D00E31665 /* Debug */,
				03DF94DE1E6EA54D00E31665 /* Release */,
			);
			defaultConfigurationIsVisible = 0;
			defaultConfigurationName = Release;
		};
/* End XCConfigurationList section */
	};
	rootObject = 03DF94C21E6EA54D00E31665 /* Project object */;
}
